
Microsoft Visual Studio Solution File, Format Version 12.00
# Visual Studio 15
VisualStudioVersion = 15.0.28307.757
MinimumVisualStudioVersion = 10.0.40219.1
Project("{8BC9CEB8-8B4A-11D0-8D11-00A0C91BC942}") = "bot", "bot.vcxproj", "{59A1A504-22E3-4655-AFE7-0F5ADE0C9FA3}"
EndProject
Project("{FAE04EC0-301F-11D3-BF4B-00C04F79EFBC}") = "ModelService", "ModelService\ModelService.csproj", "{F4F1B1F0-7C46-4202-BB03-48308DC84174}"
	ProjectSection(ProjectDependencies) = postProject
		{59A1A504-22E3-4655-AFE7-0F5ADE0C9FA3} = {59A1A504-22E3-4655-AFE7-0F5ADE0C9FA3}
	EndProjectSection
EndProject
Project("{2150E333-8FDC-42A3-9474-1A3956D46DE8}") = "CMakePredefinedTargets", "CMakePredefinedTargets", "{18303C3F-64B1-3B6D-84C8-8583A1A55CFE}"
EndProject
Project("{2150E333-8FDC-42A3-9474-1A3956D46DE8}") = "contrib", "contrib", "{AE381F37-348C-3EC5-BE89-B441D25122EA}"
EndProject
Project("{2150E333-8FDC-42A3-9474-1A3956D46DE8}") = "examples", "examples", "{66423B79-9728-3D99-AA15-8F9DD92A2431}"
EndProject
Project("{2150E333-8FDC-42A3-9474-1A3956D46DE8}") = "tests", "tests", "{14E6524C-0441-3C01-97E9-24A9C65BFD76}"
EndProject
Project("{2150E333-8FDC-42A3-9474-1A3956D46DE8}") = "utilities", "utilities", "{F08E4288-FD93-3CC2-A446-60D0F3FAE88B}"
EndProject
Project("{8BC9CEB8-8B4A-11D0-8D11-00A0C91BC942}") = "ALL_BUILD", "s2client-api\build\ALL_BUILD.vcxproj", "{078AA0B8-3124-35CE-B6DD-A091F11D7D07}"
	ProjectSection(ProjectDependencies) = postProject
		{AE354010-1504-38C4-933C-3AF465D07651} = {AE354010-1504-38C4-933C-3AF465D07651}
		{8667B7A7-5B31-39F1-A1C7-4FCC736EC17B} = {8667B7A7-5B31-39F1-A1C7-4FCC736EC17B}
		{5860CEA1-444B-3631-92FA-BE9D5E367028} = {5860CEA1-444B-3631-92FA-BE9D5E367028}
		{5BAEFFF9-C25A-3D3B-882A-CDDA5739B80D} = {5BAEFFF9-C25A-3D3B-882A-CDDA5739B80D}
		{415AF78C-1379-3D09-A953-4B5FF53B6D8E} = {415AF78C-1379-3D09-A953-4B5FF53B6D8E}
		{162F7D8D-19BF-3C99-A7DF-3806E8A5AE56} = {162F7D8D-19BF-3C99-A7DF-3806E8A5AE56}
		{D4DD3D83-DBED-3F93-B2F7-741DDE7EB8EC} = {D4DD3D83-DBED-3F93-B2F7-741DDE7EB8EC}
		{EF632964-CBFD-3EB8-B493-F1422F19897E} = {EF632964-CBFD-3EB8-B493-F1422F19897E}
		{264755E5-744B-307C-81D0-882803ED9A7E} = {264755E5-744B-307C-81D0-882803ED9A7E}
		{3CCA6637-5D1B-3099-B90C-7C20BB251B4A} = {3CCA6637-5D1B-3099-B90C-7C20BB251B4A}
		{A97D962A-BA90-3136-A140-397F3634A17D} = {A97D962A-BA90-3136-A140-397F3634A17D}
		{F21AEFB6-1E44-34EF-A39B-A970ACEC86EB} = {F21AEFB6-1E44-34EF-A39B-A970ACEC86EB}
		{A4CCDA32-B020-3498-9466-5E7420D8C131} = {A4CCDA32-B020-3498-9466-5E7420D8C131}
		{78368014-47FB-353B-B0F9-7E16BB7D99B6} = {78368014-47FB-353B-B0F9-7E16BB7D99B6}
		{271785FB-C418-381A-B16A-43D55C8362CB} = {271785FB-C418-381A-B16A-43D55C8362CB}
		{90967C19-0CDB-3C41-9545-BB1459B64264} = {90967C19-0CDB-3C41-9545-BB1459B64264}
		{67200255-A8AD-3342-AF89-8253F65BFEB4} = {67200255-A8AD-3342-AF89-8253F65BFEB4}
		{F04B39B2-CB87-321A-8C42-8D20E5B47F75} = {F04B39B2-CB87-321A-8C42-8D20E5B47F75}
		{AC3C03BA-CFC2-309D-8163-38C408D31AA8} = {AC3C03BA-CFC2-309D-8163-38C408D31AA8}
		{6AFBEEBF-5B16-3F9C-9415-5A264C0EBDA0} = {6AFBEEBF-5B16-3F9C-9415-5A264C0EBDA0}
		{537D20F4-5965-3EC9-B15C-D3AC1C48309D} = {537D20F4-5965-3EC9-B15C-D3AC1C48309D}
		{8627B48F-522E-3A21-8FAD-1FDEED65A39C} = {8627B48F-522E-3A21-8FAD-1FDEED65A39C}
		{FC5F0348-7840-3481-A897-BBD90F1629BC} = {FC5F0348-7840-3481-A897-BBD90F1629BC}
		{EFCE4C2C-33B6-312B-8B37-80978F44B40F} = {EFCE4C2C-33B6-312B-8B37-80978F44B40F}
		{FFB5B188-B461-398A-B36A-67E514F37CEC} = {FFB5B188-B461-398A-B36A-67E514F37CEC}
		{CB20CAA7-D947-3530-891E-8C179C34334F} = {CB20CAA7-D947-3530-891E-8C179C34334F}
		{FF4D7BC0-8CFD-313A-A498-7D21C9191910} = {FF4D7BC0-8CFD-313A-A498-7D21C9191910}
	EndProjectSection
EndProject
Project("{8BC9CEB8-8B4A-11D0-8D11-00A0C91BC942}") = "INSTALL", "s2client-api\build\INSTALL.vcxproj", "{7DC85398-851F-3521-B936-56DCA1DBC396}"
	ProjectSection(ProjectDependencies) = postProject
		{078AA0B8-3124-35CE-B6DD-A091F11D7D07} = {078AA0B8-3124-35CE-B6DD-A091F11D7D07}
		{5860CEA1-444B-3631-92FA-BE9D5E367028} = {5860CEA1-444B-3631-92FA-BE9D5E367028}
	EndProjectSection
EndProject
Project("{8BC9CEB8-8B4A-11D0-8D11-00A0C91BC942}") = "PACKAGE", "s2client-api\build\PACKAGE.vcxproj", "{112F4BC0-23A5-381E-915C-AF128FF1D777}"
	ProjectSection(ProjectDependencies) = postProject
		{078AA0B8-3124-35CE-B6DD-A091F11D7D07} = {078AA0B8-3124-35CE-B6DD-A091F11D7D07}
		{5860CEA1-444B-3631-92FA-BE9D5E367028} = {5860CEA1-444B-3631-92FA-BE9D5E367028}
	EndProjectSection
EndProject
Project("{8BC9CEB8-8B4A-11D0-8D11-00A0C91BC942}") = "SDL2-static", "s2client-api\build\contrib\SDL-mirror\SDL2-static.vcxproj", "{AE354010-1504-38C4-933C-3AF465D07651}"
	ProjectSection(ProjectDependencies) = postProject
		{5860CEA1-444B-3631-92FA-BE9D5E367028} = {5860CEA1-444B-3631-92FA-BE9D5E367028}
	EndProjectSection
EndProject
Project("{8BC9CEB8-8B4A-11D0-8D11-00A0C91BC942}") = "SDL2main", "s2client-api\build\contrib\SDL-mirror\SDL2main.vcxproj", "{8667B7A7-5B31-39F1-A1C7-4FCC736EC17B}"
	ProjectSection(ProjectDependencies) = postProject
		{5860CEA1-444B-3631-92FA-BE9D5E367028} = {5860CEA1-444B-3631-92FA-BE9D5E367028}
	EndProjectSection
EndProject
Project("{8BC9CEB8-8B4A-11D0-8D11-00A0C91BC942}") = "ZERO_CHECK", "s2client-api\build\ZERO_CHECK.vcxproj", "{5860CEA1-444B-3631-92FA-BE9D5E367028}"
EndProject
Project("{8BC9CEB8-8B4A-11D0-8D11-00A0C91BC942}") = "all_tests", "s2client-api\build\tests\all_tests.vcxproj", "{5BAEFFF9-C25A-3D3B-882A-CDDA5739B80D}"
	ProjectSection(ProjectDependencies) = postProject
		{5860CEA1-444B-3631-92FA-BE9D5E367028} = {5860CEA1-444B-3631-92FA-BE9D5E367028}
		{264755E5-744B-307C-81D0-882803ED9A7E} = {264755E5-744B-307C-81D0-882803ED9A7E}
		{A4CCDA32-B020-3498-9466-5E7420D8C131} = {A4CCDA32-B020-3498-9466-5E7420D8C131}
		{78368014-47FB-353B-B0F9-7E16BB7D99B6} = {78368014-47FB-353B-B0F9-7E16BB7D99B6}
		{8627B48F-522E-3A21-8FAD-1FDEED65A39C} = {8627B48F-522E-3A21-8FAD-1FDEED65A39C}
		{FC5F0348-7840-3481-A897-BBD90F1629BC} = {FC5F0348-7840-3481-A897-BBD90F1629BC}
		{EFCE4C2C-33B6-312B-8B37-80978F44B40F} = {EFCE4C2C-33B6-312B-8B37-80978F44B40F}
		{CB20CAA7-D947-3530-891E-8C179C34334F} = {CB20CAA7-D947-3530-891E-8C179C34334F}
	EndProjectSection
EndProject
Project("{8BC9CEB8-8B4A-11D0-8D11-00A0C91BC942}") = "annoying_helper", "s2client-api\build\examples\annoying_helper.vcxproj", "{415AF78C-1379-3D09-A953-4B5FF53B6D8E}"
	ProjectSection(ProjectDependencies) = postProject
		{5860CEA1-444B-3631-92FA-BE9D5E367028} = {5860CEA1-444B-3631-92FA-BE9D5E367028}
		{264755E5-744B-307C-81D0-882803ED9A7E} = {264755E5-744B-307C-81D0-882803ED9A7E}
		{A4CCDA32-B020-3498-9466-5E7420D8C131} = {A4CCDA32-B020-3498-9466-5E7420D8C131}
		{78368014-47FB-353B-B0F9-7E16BB7D99B6} = {78368014-47FB-353B-B0F9-7E16BB7D99B6}
		{8627B48F-522E-3A21-8FAD-1FDEED65A39C} = {8627B48F-522E-3A21-8FAD-1FDEED65A39C}
		{FC5F0348-7840-3481-A897-BBD90F1629BC} = {FC5F0348-7840-3481-A897-BBD90F1629BC}
		{EFCE4C2C-33B6-312B-8B37-80978F44B40F} = {EFCE4C2C-33B6-312B-8B37-80978F44B40F}
		{CB20CAA7-D947-3530-891E-8C179C34334F} = {CB20CAA7-D947-3530-891E-8C179C34334F}
	EndProjectSection
EndProject
Project("{8BC9CEB8-8B4A-11D0-8D11-00A0C91BC942}") = "bot_micro", "s2client-api\build\examples\bot_micro.vcxproj", "{162F7D8D-19BF-3C99-A7DF-3806E8A5AE56}"
	ProjectSection(ProjectDependencies) = postProject
		{5860CEA1-444B-3631-92FA-BE9D5E367028} = {5860CEA1-444B-3631-92FA-BE9D5E367028}
		{264755E5-744B-307C-81D0-882803ED9A7E} = {264755E5-744B-307C-81D0-882803ED9A7E}
		{A4CCDA32-B020-3498-9466-5E7420D8C131} = {A4CCDA32-B020-3498-9466-5E7420D8C131}
		{78368014-47FB-353B-B0F9-7E16BB7D99B6} = {78368014-47FB-353B-B0F9-7E16BB7D99B6}
		{8627B48F-522E-3A21-8FAD-1FDEED65A39C} = {8627B48F-522E-3A21-8FAD-1FDEED65A39C}
		{FC5F0348-7840-3481-A897-BBD90F1629BC} = {FC5F0348-7840-3481-A897-BBD90F1629BC}
		{EFCE4C2C-33B6-312B-8B37-80978F44B40F} = {EFCE4C2C-33B6-312B-8B37-80978F44B40F}
		{CB20CAA7-D947-3530-891E-8C179C34334F} = {CB20CAA7-D947-3530-891E-8C179C34334F}
	EndProjectSection
EndProject
Project("{8BC9CEB8-8B4A-11D0-8D11-00A0C91BC942}") = "bot_mp", "s2client-api\build\examples\bot_mp.vcxproj", "{D4DD3D83-DBED-3F93-B2F7-741DDE7EB8EC}"
	ProjectSection(ProjectDependencies) = postProject
		{5860CEA1-444B-3631-92FA-BE9D5E367028} = {5860CEA1-444B-3631-92FA-BE9D5E367028}
		{264755E5-744B-307C-81D0-882803ED9A7E} = {264755E5-744B-307C-81D0-882803ED9A7E}
		{A4CCDA32-B020-3498-9466-5E7420D8C131} = {A4CCDA32-B020-3498-9466-5E7420D8C131}
		{78368014-47FB-353B-B0F9-7E16BB7D99B6} = {78368014-47FB-353B-B0F9-7E16BB7D99B6}
		{8627B48F-522E-3A21-8FAD-1FDEED65A39C} = {8627B48F-522E-3A21-8FAD-1FDEED65A39C}
		{FC5F0348-7840-3481-A897-BBD90F1629BC} = {FC5F0348-7840-3481-A897-BBD90F1629BC}
		{EFCE4C2C-33B6-312B-8B37-80978F44B40F} = {EFCE4C2C-33B6-312B-8B37-80978F44B40F}
		{CB20CAA7-D947-3530-891E-8C179C34334F} = {CB20CAA7-D947-3530-891E-8C179C34334F}
	EndProjectSection
EndProject
Project("{8BC9CEB8-8B4A-11D0-8D11-00A0C91BC942}") = "bot_simple", "s2client-api\build\examples\bot_simple.vcxproj", "{EF632964-CBFD-3EB8-B493-F1422F19897E}"
	ProjectSection(ProjectDependencies) = postProject
		{5860CEA1-444B-3631-92FA-BE9D5E367028} = {5860CEA1-444B-3631-92FA-BE9D5E367028}
		{264755E5-744B-307C-81D0-882803ED9A7E} = {264755E5-744B-307C-81D0-882803ED9A7E}
		{A4CCDA32-B020-3498-9466-5E7420D8C131} = {A4CCDA32-B020-3498-9466-5E7420D8C131}
		{78368014-47FB-353B-B0F9-7E16BB7D99B6} = {78368014-47FB-353B-B0F9-7E16BB7D99B6}
		{8627B48F-522E-3A21-8FAD-1FDEED65A39C} = {8627B48F-522E-3A21-8FAD-1FDEED65A39C}
		{FC5F0348-7840-3481-A897-BBD90F1629BC} = {FC5F0348-7840-3481-A897-BBD90F1629BC}
		{EFCE4C2C-33B6-312B-8B37-80978F44B40F} = {EFCE4C2C-33B6-312B-8B37-80978F44B40F}
		{CB20CAA7-D947-3530-891E-8C179C34334F} = {CB20CAA7-D947-3530-891E-8C179C34334F}
	EndProjectSection
EndProject
Project("{8BC9CEB8-8B4A-11D0-8D11-00A0C91BC942}") = "civetweb-c-library", "s2client-api\build\contrib\civetweb\src\civetweb-c-library.vcxproj", "{264755E5-744B-307C-81D0-882803ED9A7E}"
	ProjectSection(ProjectDependencies) = postProject
		{5860CEA1-444B-3631-92FA-BE9D5E367028} = {5860CEA1-444B-3631-92FA-BE9D5E367028}
	EndProjectSection
EndProject
Project("{8BC9CEB8-8B4A-11D0-8D11-00A0C91BC942}") = "echo_actions", "s2client-api\build\examples\echo_actions.vcxproj", "{3CCA6637-5D1B-3099-B90C-7C20BB251B4A}"
	ProjectSection(ProjectDependencies) = postProject
		{5860CEA1-444B-3631-92FA-BE9D5E367028} = {5860CEA1-444B-3631-92FA-BE9D5E367028}
		{264755E5-744B-307C-81D0-882803ED9A7E} = {264755E5-744B-307C-81D0-882803ED9A7E}
		{A4CCDA32-B020-3498-9466-5E7420D8C131} = {A4CCDA32-B020-3498-9466-5E7420D8C131}
		{78368014-47FB-353B-B0F9-7E16BB7D99B6} = {78368014-47FB-353B-B0F9-7E16BB7D99B6}
		{8627B48F-522E-3A21-8FAD-1FDEED65A39C} = {8627B48F-522E-3A21-8FAD-1FDEED65A39C}
		{FC5F0348-7840-3481-A897-BBD90F1629BC} = {FC5F0348-7840-3481-A897-BBD90F1629BC}
		{EFCE4C2C-33B6-312B-8B37-80978F44B40F} = {EFCE4C2C-33B6-312B-8B37-80978F44B40F}
		{CB20CAA7-D947-3530-891E-8C179C34334F} = {CB20CAA7-D947-3530-891E-8C179C34334F}
	EndProjectSection
EndProject
Project("{8BC9CEB8-8B4A-11D0-8D11-00A0C91BC942}") = "feature_layers", "s2client-api\build\examples\feature_layers.vcxproj", "{A97D962A-BA90-3136-A140-397F3634A17D}"
	ProjectSection(ProjectDependencies) = postProject
		{AE354010-1504-38C4-933C-3AF465D07651} = {AE354010-1504-38C4-933C-3AF465D07651}
		{5860CEA1-444B-3631-92FA-BE9D5E367028} = {5860CEA1-444B-3631-92FA-BE9D5E367028}
		{264755E5-744B-307C-81D0-882803ED9A7E} = {264755E5-744B-307C-81D0-882803ED9A7E}
		{A4CCDA32-B020-3498-9466-5E7420D8C131} = {A4CCDA32-B020-3498-9466-5E7420D8C131}
		{78368014-47FB-353B-B0F9-7E16BB7D99B6} = {78368014-47FB-353B-B0F9-7E16BB7D99B6}
		{8627B48F-522E-3A21-8FAD-1FDEED65A39C} = {8627B48F-522E-3A21-8FAD-1FDEED65A39C}
		{FC5F0348-7840-3481-A897-BBD90F1629BC} = {FC5F0348-7840-3481-A897-BBD90F1629BC}
		{EFCE4C2C-33B6-312B-8B37-80978F44B40F} = {EFCE4C2C-33B6-312B-8B37-80978F44B40F}
		{FFB5B188-B461-398A-B36A-67E514F37CEC} = {FFB5B188-B461-398A-B36A-67E514F37CEC}
		{CB20CAA7-D947-3530-891E-8C179C34334F} = {CB20CAA7-D947-3530-891E-8C179C34334F}
	EndProjectSection
EndProject
Project("{8BC9CEB8-8B4A-11D0-8D11-00A0C91BC942}") = "intermediate_bot", "s2client-api\build\examples\intermediate_bot.vcxproj", "{F21AEFB6-1E44-34EF-A39B-A970ACEC86EB}"
	ProjectSection(ProjectDependencies) = postProject
		{5860CEA1-444B-3631-92FA-BE9D5E367028} = {5860CEA1-444B-3631-92FA-BE9D5E367028}
		{264755E5-744B-307C-81D0-882803ED9A7E} = {264755E5-744B-307C-81D0-882803ED9A7E}
		{A4CCDA32-B020-3498-9466-5E7420D8C131} = {A4CCDA32-B020-3498-9466-5E7420D8C131}
		{78368014-47FB-353B-B0F9-7E16BB7D99B6} = {78368014-47FB-353B-B0F9-7E16BB7D99B6}
		{8627B48F-522E-3A21-8FAD-1FDEED65A39C} = {8627B48F-522E-3A21-8FAD-1FDEED65A39C}
		{FC5F0348-7840-3481-A897-BBD90F1629BC} = {FC5F0348-7840-3481-A897-BBD90F1629BC}
		{EFCE4C2C-33B6-312B-8B37-80978F44B40F} = {EFCE4C2C-33B6-312B-8B37-80978F44B40F}
		{CB20CAA7-D947-3530-891E-8C179C34334F} = {CB20CAA7-D947-3530-891E-8C179C34334F}
	EndProjectSection
EndProject
Project("{8BC9CEB8-8B4A-11D0-8D11-00A0C91BC942}") = "ipv6-parse", "s2client-api\build\contrib\ipv6-parse\ipv6-parse.vcxproj", "{A4CCDA32-B020-3498-9466-5E7420D8C131}"
	ProjectSection(ProjectDependencies) = postProject
		{5860CEA1-444B-3631-92FA-BE9D5E367028} = {5860CEA1-444B-3631-92FA-BE9D5E367028}
	EndProjectSection
EndProject
Project("{8BC9CEB8-8B4A-11D0-8D11-00A0C91BC942}") = "libprotobuf", "s2client-api\build\contrib\protobuf\cmake\libprotobuf.vcxproj", "{78368014-47FB-353B-B0F9-7E16BB7D99B6}"
	ProjectSection(ProjectDependencies) = postProject
		{5860CEA1-444B-3631-92FA-BE9D5E367028} = {5860CEA1-444B-3631-92FA-BE9D5E367028}
	EndProjectSection
EndProject
Project("{8BC9CEB8-8B4A-11D0-8D11-00A0C91BC942}") = "libprotobuf-lite", "s2client-api\build\contrib\protobuf\cmake\libprotobuf-lite.vcxproj", "{271785FB-C418-381A-B16A-43D55C8362CB}"
	ProjectSection(ProjectDependencies) = postProject
		{5860CEA1-444B-3631-92FA-BE9D5E367028} = {5860CEA1-444B-3631-92FA-BE9D5E367028}
	EndProjectSection
EndProject
Project("{8BC9CEB8-8B4A-11D0-8D11-00A0C91BC942}") = "libprotoc", "s2client-api\build\contrib\protobuf\cmake\libprotoc.vcxproj", "{90967C19-0CDB-3C41-9545-BB1459B64264}"
	ProjectSection(ProjectDependencies) = postProject
		{5860CEA1-444B-3631-92FA-BE9D5E367028} = {5860CEA1-444B-3631-92FA-BE9D5E367028}
		{78368014-47FB-353B-B0F9-7E16BB7D99B6} = {78368014-47FB-353B-B0F9-7E16BB7D99B6}
	EndProjectSection
EndProject
Project("{8BC9CEB8-8B4A-11D0-8D11-00A0C91BC942}") = "protoc", "s2client-api\build\contrib\protobuf\cmake\protoc.vcxproj", "{67200255-A8AD-3342-AF89-8253F65BFEB4}"
	ProjectSection(ProjectDependencies) = postProject
		{5860CEA1-444B-3631-92FA-BE9D5E367028} = {5860CEA1-444B-3631-92FA-BE9D5E367028}
		{78368014-47FB-353B-B0F9-7E16BB7D99B6} = {78368014-47FB-353B-B0F9-7E16BB7D99B6}
		{90967C19-0CDB-3C41-9545-BB1459B64264} = {90967C19-0CDB-3C41-9545-BB1459B64264}
	EndProjectSection
EndProject
Project("{8BC9CEB8-8B4A-11D0-8D11-00A0C91BC942}") = "proxy", "s2client-api\build\examples\proxy.vcxproj", "{F04B39B2-CB87-321A-8C42-8D20E5B47F75}"
	ProjectSection(ProjectDependencies) = postProject
		{5860CEA1-444B-3631-92FA-BE9D5E367028} = {5860CEA1-444B-3631-92FA-BE9D5E367028}
		{264755E5-744B-307C-81D0-882803ED9A7E} = {264755E5-744B-307C-81D0-882803ED9A7E}
		{A4CCDA32-B020-3498-9466-5E7420D8C131} = {A4CCDA32-B020-3498-9466-5E7420D8C131}
		{78368014-47FB-353B-B0F9-7E16BB7D99B6} = {78368014-47FB-353B-B0F9-7E16BB7D99B6}
		{8627B48F-522E-3A21-8FAD-1FDEED65A39C} = {8627B48F-522E-3A21-8FAD-1FDEED65A39C}
		{FC5F0348-7840-3481-A897-BBD90F1629BC} = {FC5F0348-7840-3481-A897-BBD90F1629BC}
		{EFCE4C2C-33B6-312B-8B37-80978F44B40F} = {EFCE4C2C-33B6-312B-8B37-80978F44B40F}
		{CB20CAA7-D947-3530-891E-8C179C34334F} = {CB20CAA7-D947-3530-891E-8C179C34334F}
	EndProjectSection
EndProject
Project("{8BC9CEB8-8B4A-11D0-8D11-00A0C91BC942}") = "rendered", "s2client-api\build\examples\rendered.vcxproj", "{AC3C03BA-CFC2-309D-8163-38C408D31AA8}"
	ProjectSection(ProjectDependencies) = postProject
		{AE354010-1504-38C4-933C-3AF465D07651} = {AE354010-1504-38C4-933C-3AF465D07651}
		{5860CEA1-444B-3631-92FA-BE9D5E367028} = {5860CEA1-444B-3631-92FA-BE9D5E367028}
		{264755E5-744B-307C-81D0-882803ED9A7E} = {264755E5-744B-307C-81D0-882803ED9A7E}
		{A4CCDA32-B020-3498-9466-5E7420D8C131} = {A4CCDA32-B020-3498-9466-5E7420D8C131}
		{78368014-47FB-353B-B0F9-7E16BB7D99B6} = {78368014-47FB-353B-B0F9-7E16BB7D99B6}
		{8627B48F-522E-3A21-8FAD-1FDEED65A39C} = {8627B48F-522E-3A21-8FAD-1FDEED65A39C}
		{FC5F0348-7840-3481-A897-BBD90F1629BC} = {FC5F0348-7840-3481-A897-BBD90F1629BC}
		{EFCE4C2C-33B6-312B-8B37-80978F44B40F} = {EFCE4C2C-33B6-312B-8B37-80978F44B40F}
		{FFB5B188-B461-398A-B36A-67E514F37CEC} = {FFB5B188-B461-398A-B36A-67E514F37CEC}
		{CB20CAA7-D947-3530-891E-8C179C34334F} = {CB20CAA7-D947-3530-891E-8C179C34334F}
	EndProjectSection
EndProject
Project("{8BC9CEB8-8B4A-11D0-8D11-00A0C91BC942}") = "replay", "s2client-api\build\examples\replay.vcxproj", "{6AFBEEBF-5B16-3F9C-9415-5A264C0EBDA0}"
	ProjectSection(ProjectDependencies) = postProject
		{5860CEA1-444B-3631-92FA-BE9D5E367028} = {5860CEA1-444B-3631-92FA-BE9D5E367028}
		{264755E5-744B-307C-81D0-882803ED9A7E} = {264755E5-744B-307C-81D0-882803ED9A7E}
		{A4CCDA32-B020-3498-9466-5E7420D8C131} = {A4CCDA32-B020-3498-9466-5E7420D8C131}
		{78368014-47FB-353B-B0F9-7E16BB7D99B6} = {78368014-47FB-353B-B0F9-7E16BB7D99B6}
		{8627B48F-522E-3A21-8FAD-1FDEED65A39C} = {8627B48F-522E-3A21-8FAD-1FDEED65A39C}
		{FC5F0348-7840-3481-A897-BBD90F1629BC} = {FC5F0348-7840-3481-A897-BBD90F1629BC}
		{EFCE4C2C-33B6-312B-8B37-80978F44B40F} = {EFCE4C2C-33B6-312B-8B37-80978F44B40F}
		{CB20CAA7-D947-3530-891E-8C179C34334F} = {CB20CAA7-D947-3530-891E-8C179C34334F}
	EndProjectSection
EndProject
Project("{8BC9CEB8-8B4A-11D0-8D11-00A0C91BC942}") = "save_load", "s2client-api\build\examples\save_load.vcxproj", "{537D20F4-5965-3EC9-B15C-D3AC1C48309D}"
	ProjectSection(ProjectDependencies) = postProject
		{5860CEA1-444B-3631-92FA-BE9D5E367028} = {5860CEA1-444B-3631-92FA-BE9D5E367028}
		{264755E5-744B-307C-81D0-882803ED9A7E} = {264755E5-744B-307C-81D0-882803ED9A7E}
		{A4CCDA32-B020-3498-9466-5E7420D8C131} = {A4CCDA32-B020-3498-9466-5E7420D8C131}
		{78368014-47FB-353B-B0F9-7E16BB7D99B6} = {78368014-47FB-353B-B0F9-7E16BB7D99B6}
		{8627B48F-522E-3A21-8FAD-1FDEED65A39C} = {8627B48F-522E-3A21-8FAD-1FDEED65A39C}
		{FC5F0348-7840-3481-A897-BBD90F1629BC} = {FC5F0348-7840-3481-A897-BBD90F1629BC}
		{EFCE4C2C-33B6-312B-8B37-80978F44B40F} = {EFCE4C2C-33B6-312B-8B37-80978F44B40F}
		{CB20CAA7-D947-3530-891E-8C179C34334F} = {CB20CAA7-D947-3530-891E-8C179C34334F}
	EndProjectSection
EndProject
Project("{8BC9CEB8-8B4A-11D0-8D11-00A0C91BC942}") = "sc2api", "s2client-api\build\src\sc2api.vcxproj", "{8627B48F-522E-3A21-8FAD-1FDEED65A39C}"
	ProjectSection(ProjectDependencies) = postProject
		{5860CEA1-444B-3631-92FA-BE9D5E367028} = {5860CEA1-444B-3631-92FA-BE9D5E367028}
		{264755E5-744B-307C-81D0-882803ED9A7E} = {264755E5-744B-307C-81D0-882803ED9A7E}
		{A4CCDA32-B020-3498-9466-5E7420D8C131} = {A4CCDA32-B020-3498-9466-5E7420D8C131}
		{78368014-47FB-353B-B0F9-7E16BB7D99B6} = {78368014-47FB-353B-B0F9-7E16BB7D99B6}
		{EFCE4C2C-33B6-312B-8B37-80978F44B40F} = {EFCE4C2C-33B6-312B-8B37-80978F44B40F}
	EndProjectSection
EndProject
Project("{8BC9CEB8-8B4A-11D0-8D11-00A0C91BC942}") = "sc2lib", "s2client-api\build\src\sc2lib.vcxproj", "{FC5F0348-7840-3481-A897-BBD90F1629BC}"
	ProjectSection(ProjectDependencies) = postProject
		{5860CEA1-444B-3631-92FA-BE9D5E367028} = {5860CEA1-444B-3631-92FA-BE9D5E367028}
		{264755E5-744B-307C-81D0-882803ED9A7E} = {264755E5-744B-307C-81D0-882803ED9A7E}
		{A4CCDA32-B020-3498-9466-5E7420D8C131} = {A4CCDA32-B020-3498-9466-5E7420D8C131}
		{78368014-47FB-353B-B0F9-7E16BB7D99B6} = {78368014-47FB-353B-B0F9-7E16BB7D99B6}
		{8627B48F-522E-3A21-8FAD-1FDEED65A39C} = {8627B48F-522E-3A21-8FAD-1FDEED65A39C}
		{EFCE4C2C-33B6-312B-8B37-80978F44B40F} = {EFCE4C2C-33B6-312B-8B37-80978F44B40F}
	EndProjectSection
EndProject
Project("{8BC9CEB8-8B4A-11D0-8D11-00A0C91BC942}") = "sc2protocol", "s2client-api\build\src\sc2protocol.vcxproj", "{EFCE4C2C-33B6-312B-8B37-80978F44B40F}"
	ProjectSection(ProjectDependencies) = postProject
		{5860CEA1-444B-3631-92FA-BE9D5E367028} = {5860CEA1-444B-3631-92FA-BE9D5E367028}
		{78368014-47FB-353B-B0F9-7E16BB7D99B6} = {78368014-47FB-353B-B0F9-7E16BB7D99B6}
		{67200255-A8AD-3342-AF89-8253F65BFEB4} = {67200255-A8AD-3342-AF89-8253F65BFEB4}
	EndProjectSection
EndProject
Project("{8BC9CEB8-8B4A-11D0-8D11-00A0C91BC942}") = "sc2renderer", "s2client-api\build\src\sc2renderer.vcxproj", "{FFB5B188-B461-398A-B36A-67E514F37CEC}"
	ProjectSection(ProjectDependencies) = postProject
		{AE354010-1504-38C4-933C-3AF465D07651} = {AE354010-1504-38C4-933C-3AF465D07651}
		{5860CEA1-444B-3631-92FA-BE9D5E367028} = {5860CEA1-444B-3631-92FA-BE9D5E367028}
	EndProjectSection
EndProject
Project("{8BC9CEB8-8B4A-11D0-8D11-00A0C91BC942}") = "sc2utils", "s2client-api\build\src\sc2utils.vcxproj", "{CB20CAA7-D947-3530-891E-8C179C34334F}"
	ProjectSection(ProjectDependencies) = postProject
		{5860CEA1-444B-3631-92FA-BE9D5E367028} = {5860CEA1-444B-3631-92FA-BE9D5E367028}
	EndProjectSection
EndProject
Project("{8BC9CEB8-8B4A-11D0-8D11-00A0C91BC942}") = "tutorial", "s2client-api\build\examples\tutorial.vcxproj", "{FF4D7BC0-8CFD-313A-A498-7D21C9191910}"
	ProjectSection(ProjectDependencies) = postProject
		{5860CEA1-444B-3631-92FA-BE9D5E367028} = {5860CEA1-444B-3631-92FA-BE9D5E367028}
		{264755E5-744B-307C-81D0-882803ED9A7E} = {264755E5-744B-307C-81D0-882803ED9A7E}
		{A4CCDA32-B020-3498-9466-5E7420D8C131} = {A4CCDA32-B020-3498-9466-5E7420D8C131}
		{78368014-47FB-353B-B0F9-7E16BB7D99B6} = {78368014-47FB-353B-B0F9-7E16BB7D99B6}
		{8627B48F-522E-3A21-8FAD-1FDEED65A39C} = {8627B48F-522E-3A21-8FAD-1FDEED65A39C}
		{FC5F0348-7840-3481-A897-BBD90F1629BC} = {FC5F0348-7840-3481-A897-BBD90F1629BC}
		{EFCE4C2C-33B6-312B-8B37-80978F44B40F} = {EFCE4C2C-33B6-312B-8B37-80978F44B40F}
		{CB20CAA7-D947-3530-891E-8C179C34334F} = {CB20CAA7-D947-3530-891E-8C179C34334F}
	EndProjectSection
EndProject
Project("{8BC9CEB8-8B4A-11D0-8D11-00A0C91BC942}") = "uninstall", "s2client-api\build\contrib\SDL-mirror\uninstall.vcxproj", "{524EA7A1-2D13-3820-B22C-9EE363E9F171}"
	ProjectSection(ProjectDependencies) = postProject
		{5860CEA1-444B-3631-92FA-BE9D5E367028} = {5860CEA1-444B-3631-92FA-BE9D5E367028}
	EndProjectSection
EndProject
Global
	GlobalSection(SolutionConfigurationPlatforms) = preSolution
		Debug|Any CPU = Debug|Any CPU
		Debug|x64 = Debug|x64
		Debug|x86 = Debug|x86
		MinSizeRel|Any CPU = MinSizeRel|Any CPU
		MinSizeRel|x64 = MinSizeRel|x64
		MinSizeRel|x86 = MinSizeRel|x86
		Release|Any CPU = Release|Any CPU
		Release|x64 = Release|x64
		Release|x86 = Release|x86
		RelWithDebInfo|Any CPU = RelWithDebInfo|Any CPU
		RelWithDebInfo|x64 = RelWithDebInfo|x64
		RelWithDebInfo|x86 = RelWithDebInfo|x86
	EndGlobalSection
	GlobalSection(ProjectConfigurationPlatforms) = postSolution
		{59A1A504-22E3-4655-AFE7-0F5ADE0C9FA3}.Debug|Any CPU.ActiveCfg = Debug|Win32
		{59A1A504-22E3-4655-AFE7-0F5ADE0C9FA3}.Debug|x64.ActiveCfg = Debug|x64
		{59A1A504-22E3-4655-AFE7-0F5ADE0C9FA3}.Debug|x64.Build.0 = Debug|x64
		{59A1A504-22E3-4655-AFE7-0F5ADE0C9FA3}.Debug|x86.ActiveCfg = Debug|Win32
		{59A1A504-22E3-4655-AFE7-0F5ADE0C9FA3}.Debug|x86.Build.0 = Debug|Win32
		{59A1A504-22E3-4655-AFE7-0F5ADE0C9FA3}.MinSizeRel|Any CPU.ActiveCfg = Release|x64
		{59A1A504-22E3-4655-AFE7-0F5ADE0C9FA3}.MinSizeRel|Any CPU.Build.0 = Release|x64
		{59A1A504-22E3-4655-AFE7-0F5ADE0C9FA3}.MinSizeRel|x64.ActiveCfg = Release|x64
		{59A1A504-22E3-4655-AFE7-0F5ADE0C9FA3}.MinSizeRel|x64.Build.0 = Release|x64
		{59A1A504-22E3-4655-AFE7-0F5ADE0C9FA3}.MinSizeRel|x86.ActiveCfg = Release|Win32
		{59A1A504-22E3-4655-AFE7-0F5ADE0C9FA3}.MinSizeRel|x86.Build.0 = Release|Win32
		{59A1A504-22E3-4655-AFE7-0F5ADE0C9FA3}.Release|Any CPU.ActiveCfg = Release|Win32
		{59A1A504-22E3-4655-AFE7-0F5ADE0C9FA3}.Release|x64.ActiveCfg = Release|x64
		{59A1A504-22E3-4655-AFE7-0F5ADE0C9FA3}.Release|x64.Build.0 = Release|x64
		{59A1A504-22E3-4655-AFE7-0F5ADE0C9FA3}.Release|x86.ActiveCfg = Release|Win32
		{59A1A504-22E3-4655-AFE7-0F5ADE0C9FA3}.Release|x86.Build.0 = Release|Win32
		{59A1A504-22E3-4655-AFE7-0F5ADE0C9FA3}.RelWithDebInfo|Any CPU.ActiveCfg = Release|x64
		{59A1A504-22E3-4655-AFE7-0F5ADE0C9FA3}.RelWithDebInfo|Any CPU.Build.0 = Release|x64
		{59A1A504-22E3-4655-AFE7-0F5ADE0C9FA3}.RelWithDebInfo|x64.ActiveCfg = Release|x64
		{59A1A504-22E3-4655-AFE7-0F5ADE0C9FA3}.RelWithDebInfo|x64.Build.0 = Release|x64
		{59A1A504-22E3-4655-AFE7-0F5ADE0C9FA3}.RelWithDebInfo|x86.ActiveCfg = Release|Win32
		{59A1A504-22E3-4655-AFE7-0F5ADE0C9FA3}.RelWithDebInfo|x86.Build.0 = Release|Win32
		{F4F1B1F0-7C46-4202-BB03-48308DC84174}.Debug|Any CPU.ActiveCfg = Debug|Any CPU
		{F4F1B1F0-7C46-4202-BB03-48308DC84174}.Debug|Any CPU.Build.0 = Debug|Any CPU
		{F4F1B1F0-7C46-4202-BB03-48308DC84174}.Debug|x64.ActiveCfg = Debug|Any CPU
		{F4F1B1F0-7C46-4202-BB03-48308DC84174}.Debug|x64.Build.0 = Debug|Any CPU
		{F4F1B1F0-7C46-4202-BB03-48308DC84174}.Debug|x86.ActiveCfg = Debug|Any CPU
		{F4F1B1F0-7C46-4202-BB03-48308DC84174}.Debug|x86.Build.0 = Debug|Any CPU
		{F4F1B1F0-7C46-4202-BB03-48308DC84174}.MinSizeRel|Any CPU.ActiveCfg = Release|Any CPU
		{F4F1B1F0-7C46-4202-BB03-48308DC84174}.MinSizeRel|Any CPU.Build.0 = Release|Any CPU
		{F4F1B1F0-7C46-4202-BB03-48308DC84174}.MinSizeRel|x64.ActiveCfg = Release|Any CPU
		{F4F1B1F0-7C46-4202-BB03-48308DC84174}.MinSizeRel|x64.Build.0 = Release|Any CPU
		{F4F1B1F0-7C46-4202-BB03-48308DC84174}.MinSizeRel|x86.ActiveCfg = Release|Any CPU
		{F4F1B1F0-7C46-4202-BB03-48308DC84174}.MinSizeRel|x86.Build.0 = Release|Any CPU
		{F4F1B1F0-7C46-4202-BB03-48308DC84174}.Release|Any CPU.ActiveCfg = Release|Any CPU
		{F4F1B1F0-7C46-4202-BB03-48308DC84174}.Release|Any CPU.Build.0 = Release|Any CPU
		{F4F1B1F0-7C46-4202-BB03-48308DC84174}.Release|x64.ActiveCfg = Release|Any CPU
		{F4F1B1F0-7C46-4202-BB03-48308DC84174}.Release|x64.Build.0 = Release|Any CPU
		{F4F1B1F0-7C46-4202-BB03-48308DC84174}.Release|x86.ActiveCfg = Release|Any CPU
		{F4F1B1F0-7C46-4202-BB03-48308DC84174}.Release|x86.Build.0 = Release|Any CPU
		{F4F1B1F0-7C46-4202-BB03-48308DC84174}.RelWithDebInfo|Any CPU.ActiveCfg = Release|Any CPU
		{F4F1B1F0-7C46-4202-BB03-48308DC84174}.RelWithDebInfo|Any CPU.Build.0 = Release|Any CPU
		{F4F1B1F0-7C46-4202-BB03-48308DC84174}.RelWithDebInfo|x64.ActiveCfg = Release|Any CPU
		{F4F1B1F0-7C46-4202-BB03-48308DC84174}.RelWithDebInfo|x64.Build.0 = Release|Any CPU
		{F4F1B1F0-7C46-4202-BB03-48308DC84174}.RelWithDebInfo|x86.ActiveCfg = Release|Any CPU
		{F4F1B1F0-7C46-4202-BB03-48308DC84174}.RelWithDebInfo|x86.Build.0 = Release|Any CPU
		{078AA0B8-3124-35CE-B6DD-A091F11D7D07}.Debug|Any CPU.ActiveCfg = Debug|x64
		{078AA0B8-3124-35CE-B6DD-A091F11D7D07}.Debug|x64.ActiveCfg = Debug|x64
		{078AA0B8-3124-35CE-B6DD-A091F11D7D07}.Debug|x64.Build.0 = Debug|x64
		{078AA0B8-3124-35CE-B6DD-A091F11D7D07}.Debug|x86.ActiveCfg = Debug|x64
		{078AA0B8-3124-35CE-B6DD-A091F11D7D07}.MinSizeRel|Any CPU.ActiveCfg = MinSizeRel|x64
		{078AA0B8-3124-35CE-B6DD-A091F11D7D07}.MinSizeRel|x64.ActiveCfg = MinSizeRel|x64
		{078AA0B8-3124-35CE-B6DD-A091F11D7D07}.MinSizeRel|x64.Build.0 = MinSizeRel|x64
		{078AA0B8-3124-35CE-B6DD-A091F11D7D07}.MinSizeRel|x86.ActiveCfg = MinSizeRel|x64
		{078AA0B8-3124-35CE-B6DD-A091F11D7D07}.Release|Any CPU.ActiveCfg = Release|x64
		{078AA0B8-3124-35CE-B6DD-A091F11D7D07}.Release|x64.ActiveCfg = Release|x64
		{078AA0B8-3124-35CE-B6DD-A091F11D7D07}.Release|x64.Build.0 = Release|x64
		{078AA0B8-3124-35CE-B6DD-A091F11D7D07}.Release|x86.ActiveCfg = Release|x64
		{078AA0B8-3124-35CE-B6DD-A091F11D7D07}.RelWithDebInfo|Any CPU.ActiveCfg = RelWithDebInfo|x64
		{078AA0B8-3124-35CE-B6DD-A091F11D7D07}.RelWithDebInfo|x64.ActiveCfg = RelWithDebInfo|x64
		{078AA0B8-3124-35CE-B6DD-A091F11D7D07}.RelWithDebInfo|x64.Build.0 = RelWithDebInfo|x64
		{078AA0B8-3124-35CE-B6DD-A091F11D7D07}.RelWithDebInfo|x86.ActiveCfg = RelWithDebInfo|x64
		{7DC85398-851F-3521-B936-56DCA1DBC396}.Debug|Any CPU.ActiveCfg = Debug|x64
		{7DC85398-851F-3521-B936-56DCA1DBC396}.Debug|x64.ActiveCfg = Debug|x64
		{7DC85398-851F-3521-B936-56DCA1DBC396}.Debug|x86.ActiveCfg = Debug|x64
		{7DC85398-851F-3521-B936-56DCA1DBC396}.MinSizeRel|Any CPU.ActiveCfg = MinSizeRel|x64
		{7DC85398-851F-3521-B936-56DCA1DBC396}.MinSizeRel|x64.ActiveCfg = MinSizeRel|x64
		{7DC85398-851F-3521-B936-56DCA1DBC396}.MinSizeRel|x86.ActiveCfg = MinSizeRel|x64
		{7DC85398-851F-3521-B936-56DCA1DBC396}.Release|Any CPU.ActiveCfg = Release|x64
		{7DC85398-851F-3521-B936-56DCA1DBC396}.Release|x64.ActiveCfg = Release|x64
		{7DC85398-851F-3521-B936-56DCA1DBC396}.Release|x86.ActiveCfg = Release|x64
		{7DC85398-851F-3521-B936-56DCA1DBC396}.RelWithDebInfo|Any CPU.ActiveCfg = RelWithDebInfo|x64
		{7DC85398-851F-3521-B936-56DCA1DBC396}.RelWithDebInfo|x64.ActiveCfg = RelWithDebInfo|x64
		{7DC85398-851F-3521-B936-56DCA1DBC396}.RelWithDebInfo|x86.ActiveCfg = RelWithDebInfo|x64
		{112F4BC0-23A5-381E-915C-AF128FF1D777}.Debug|Any CPU.ActiveCfg = Debug|x64
		{112F4BC0-23A5-381E-915C-AF128FF1D777}.Debug|x64.ActiveCfg = Debug|x64
		{112F4BC0-23A5-381E-915C-AF128FF1D777}.Debug|x86.ActiveCfg = Debug|x64
		{112F4BC0-23A5-381E-915C-AF128FF1D777}.MinSizeRel|Any CPU.ActiveCfg = MinSizeRel|x64
		{112F4BC0-23A5-381E-915C-AF128FF1D777}.MinSizeRel|x64.ActiveCfg = MinSizeRel|x64
		{112F4BC0-23A5-381E-915C-AF128FF1D777}.MinSizeRel|x86.ActiveCfg = MinSizeRel|x64
		{112F4BC0-23A5-381E-915C-AF128FF1D777}.Release|Any CPU.ActiveCfg = Release|x64
		{112F4BC0-23A5-381E-915C-AF128FF1D777}.Release|x64.ActiveCfg = Release|x64
		{112F4BC0-23A5-381E-915C-AF128FF1D777}.Release|x86.ActiveCfg = Release|x64
		{112F4BC0-23A5-381E-915C-AF128FF1D777}.RelWithDebInfo|Any CPU.ActiveCfg = RelWithDebInfo|x64
		{112F4BC0-23A5-381E-915C-AF128FF1D777}.RelWithDebInfo|x64.ActiveCfg = RelWithDebInfo|x64
		{112F4BC0-23A5-381E-915C-AF128FF1D777}.RelWithDebInfo|x86.ActiveCfg = RelWithDebInfo|x64
		{AE354010-1504-38C4-933C-3AF465D07651}.Debug|Any CPU.ActiveCfg = Debug|x64
		{AE354010-1504-38C4-933C-3AF465D07651}.Debug|x64.ActiveCfg = Debug|x64
		{AE354010-1504-38C4-933C-3AF465D07651}.Debug|x64.Build.0 = Debug|x64
		{AE354010-1504-38C4-933C-3AF465D07651}.Debug|x86.ActiveCfg = Debug|x64
		{AE354010-1504-38C4-933C-3AF465D07651}.MinSizeRel|Any CPU.ActiveCfg = MinSizeRel|x64
		{AE354010-1504-38C4-933C-3AF465D07651}.MinSizeRel|x64.ActiveCfg = MinSizeRel|x64
		{AE354010-1504-38C4-933C-3AF465D07651}.MinSizeRel|x64.Build.0 = MinSizeRel|x64
		{AE354010-1504-38C4-933C-3AF465D07651}.MinSizeRel|x86.ActiveCfg = MinSizeRel|x64
		{AE354010-1504-38C4-933C-3AF465D07651}.Release|Any CPU.ActiveCfg = Release|x64
		{AE354010-1504-38C4-933C-3AF465D07651}.Release|x64.ActiveCfg = Release|x64
		{AE354010-1504-38C4-933C-3AF465D07651}.Release|x64.Build.0 = Release|x64
		{AE354010-1504-38C4-933C-3AF465D07651}.Release|x86.ActiveCfg = Release|x64
		{AE354010-1504-38C4-933C-3AF465D07651}.RelWithDebInfo|Any CPU.ActiveCfg = RelWithDebInfo|x64
		{AE354010-1504-38C4-933C-3AF465D07651}.RelWithDebInfo|x64.ActiveCfg = RelWithDebInfo|x64
		{AE354010-1504-38C4-933C-3AF465D07651}.RelWithDebInfo|x64.Build.0 = RelWithDebInfo|x64
		{AE354010-1504-38C4-933C-3AF465D07651}.RelWithDebInfo|x86.ActiveCfg = RelWithDebInfo|x64
		{8667B7A7-5B31-39F1-A1C7-4FCC736EC17B}.Debug|Any CPU.ActiveCfg = Debug|x64
		{8667B7A7-5B31-39F1-A1C7-4FCC736EC17B}.Debug|x64.ActiveCfg = Debug|x64
		{8667B7A7-5B31-39F1-A1C7-4FCC736EC17B}.Debug|x64.Build.0 = Debug|x64
		{8667B7A7-5B31-39F1-A1C7-4FCC736EC17B}.Debug|x86.ActiveCfg = Debug|x64
		{8667B7A7-5B31-39F1-A1C7-4FCC736EC17B}.MinSizeRel|Any CPU.ActiveCfg = MinSizeRel|x64
		{8667B7A7-5B31-39F1-A1C7-4FCC736EC17B}.MinSizeRel|x64.ActiveCfg = MinSizeRel|x64
		{8667B7A7-5B31-39F1-A1C7-4FCC736EC17B}.MinSizeRel|x64.Build.0 = MinSizeRel|x64
		{8667B7A7-5B31-39F1-A1C7-4FCC736EC17B}.MinSizeRel|x86.ActiveCfg = MinSizeRel|x64
		{8667B7A7-5B31-39F1-A1C7-4FCC736EC17B}.Release|Any CPU.ActiveCfg = Release|x64
		{8667B7A7-5B31-39F1-A1C7-4FCC736EC17B}.Release|x64.ActiveCfg = Release|x64
		{8667B7A7-5B31-39F1-A1C7-4FCC736EC17B}.Release|x64.Build.0 = Release|x64
		{8667B7A7-5B31-39F1-A1C7-4FCC736EC17B}.Release|x86.ActiveCfg = Release|x64
		{8667B7A7-5B31-39F1-A1C7-4FCC736EC17B}.RelWithDebInfo|Any CPU.ActiveCfg = RelWithDebInfo|x64
		{8667B7A7-5B31-39F1-A1C7-4FCC736EC17B}.RelWithDebInfo|x64.ActiveCfg = RelWithDebInfo|x64
		{8667B7A7-5B31-39F1-A1C7-4FCC736EC17B}.RelWithDebInfo|x64.Build.0 = RelWithDebInfo|x64
		{8667B7A7-5B31-39F1-A1C7-4FCC736EC17B}.RelWithDebInfo|x86.ActiveCfg = RelWithDebInfo|x64
		{5860CEA1-444B-3631-92FA-BE9D5E367028}.Debug|Any CPU.ActiveCfg = Debug|x64
		{5860CEA1-444B-3631-92FA-BE9D5E367028}.Debug|x64.ActiveCfg = Debug|x64
		{5860CEA1-444B-3631-92FA-BE9D5E367028}.Debug|x64.Build.0 = Debug|x64
		{5860CEA1-444B-3631-92FA-BE9D5E367028}.Debug|x86.ActiveCfg = Debug|x64
		{5860CEA1-444B-3631-92FA-BE9D5E367028}.MinSizeRel|Any CPU.ActiveCfg = MinSizeRel|x64
		{5860CEA1-444B-3631-92FA-BE9D5E367028}.MinSizeRel|x64.ActiveCfg = MinSizeRel|x64
		{5860CEA1-444B-3631-92FA-BE9D5E367028}.MinSizeRel|x64.Build.0 = MinSizeRel|x64
		{5860CEA1-444B-3631-92FA-BE9D5E367028}.MinSizeRel|x86.ActiveCfg = MinSizeRel|x64
		{5860CEA1-444B-3631-92FA-BE9D5E367028}.Release|Any CPU.ActiveCfg = Release|x64
		{5860CEA1-444B-3631-92FA-BE9D5E367028}.Release|x64.ActiveCfg = Release|x64
		{5860CEA1-444B-3631-92FA-BE9D5E367028}.Release|x64.Build.0 = Release|x64
		{5860CEA1-444B-3631-92FA-BE9D5E367028}.Release|x86.ActiveCfg = Release|x64
		{5860CEA1-444B-3631-92FA-BE9D5E367028}.RelWithDebInfo|Any CPU.ActiveCfg = RelWithDebInfo|x64
		{5860CEA1-444B-3631-92FA-BE9D5E367028}.RelWithDebInfo|x64.ActiveCfg = RelWithDebInfo|x64
		{5860CEA1-444B-3631-92FA-BE9D5E367028}.RelWithDebInfo|x64.Build.0 = RelWithDebInfo|x64
		{5860CEA1-444B-3631-92FA-BE9D5E367028}.RelWithDebInfo|x86.ActiveCfg = RelWithDebInfo|x64
		{5BAEFFF9-C25A-3D3B-882A-CDDA5739B80D}.Debug|Any CPU.ActiveCfg = Debug|x64
		{5BAEFFF9-C25A-3D3B-882A-CDDA5739B80D}.Debug|x64.ActiveCfg = Debug|x64
		{5BAEFFF9-C25A-3D3B-882A-CDDA5739B80D}.Debug|x64.Build.0 = Debug|x64
		{5BAEFFF9-C25A-3D3B-882A-CDDA5739B80D}.Debug|x86.ActiveCfg = Debug|x64
		{5BAEFFF9-C25A-3D3B-882A-CDDA5739B80D}.MinSizeRel|Any CPU.ActiveCfg = MinSizeRel|x64
		{5BAEFFF9-C25A-3D3B-882A-CDDA5739B80D}.MinSizeRel|x64.ActiveCfg = MinSizeRel|x64
		{5BAEFFF9-C25A-3D3B-882A-CDDA5739B80D}.MinSizeRel|x64.Build.0 = MinSizeRel|x64
		{5BAEFFF9-C25A-3D3B-882A-CDDA5739B80D}.MinSizeRel|x86.ActiveCfg = MinSizeRel|x64
		{5BAEFFF9-C25A-3D3B-882A-CDDA5739B80D}.Release|Any CPU.ActiveCfg = Release|x64
		{5BAEFFF9-C25A-3D3B-882A-CDDA5739B80D}.Release|x64.ActiveCfg = Release|x64
		{5BAEFFF9-C25A-3D3B-882A-CDDA5739B80D}.Release|x64.Build.0 = Release|x64
		{5BAEFFF9-C25A-3D3B-882A-CDDA5739B80D}.Release|x86.ActiveCfg = Release|x64
		{5BAEFFF9-C25A-3D3B-882A-CDDA5739B80D}.RelWithDebInfo|Any CPU.ActiveCfg = RelWithDebInfo|x64
		{5BAEFFF9-C25A-3D3B-882A-CDDA5739B80D}.RelWithDebInfo|x64.ActiveCfg = RelWithDebInfo|x64
		{5BAEFFF9-C25A-3D3B-882A-CDDA5739B80D}.RelWithDebInfo|x64.Build.0 = RelWithDebInfo|x64
		{5BAEFFF9-C25A-3D3B-882A-CDDA5739B80D}.RelWithDebInfo|x86.ActiveCfg = RelWithDebInfo|x64
		{415AF78C-1379-3D09-A953-4B5FF53B6D8E}.Debug|Any CPU.ActiveCfg = Debug|x64
		{415AF78C-1379-3D09-A953-4B5FF53B6D8E}.Debug|x64.ActiveCfg = Debug|x64
		{415AF78C-1379-3D09-A953-4B5FF53B6D8E}.Debug|x64.Build.0 = Debug|x64
		{415AF78C-1379-3D09-A953-4B5FF53B6D8E}.Debug|x86.ActiveCfg = Debug|x64
		{415AF78C-1379-3D09-A953-4B5FF53B6D8E}.MinSizeRel|Any CPU.ActiveCfg = MinSizeRel|x64
		{415AF78C-1379-3D09-A953-4B5FF53B6D8E}.MinSizeRel|x64.ActiveCfg = MinSizeRel|x64
		{415AF78C-1379-3D09-A953-4B5FF53B6D8E}.MinSizeRel|x64.Build.0 = MinSizeRel|x64
		{415AF78C-1379-3D09-A953-4B5FF53B6D8E}.MinSizeRel|x86.ActiveCfg = MinSizeRel|x64
		{415AF78C-1379-3D09-A953-4B5FF53B6D8E}.Release|Any CPU.ActiveCfg = Release|x64
		{415AF78C-1379-3D09-A953-4B5FF53B6D8E}.Release|x64.ActiveCfg = Release|x64
		{415AF78C-1379-3D09-A953-4B5FF53B6D8E}.Release|x64.Build.0 = Release|x64
		{415AF78C-1379-3D09-A953-4B5FF53B6D8E}.Release|x86.ActiveCfg = Release|x64
		{415AF78C-1379-3D09-A953-4B5FF53B6D8E}.RelWithDebInfo|Any CPU.ActiveCfg = RelWithDebInfo|x64
		{415AF78C-1379-3D09-A953-4B5FF53B6D8E}.RelWithDebInfo|x64.ActiveCfg = RelWithDebInfo|x64
		{415AF78C-1379-3D09-A953-4B5FF53B6D8E}.RelWithDebInfo|x64.Build.0 = RelWithDebInfo|x64
		{415AF78C-1379-3D09-A953-4B5FF53B6D8E}.RelWithDebInfo|x86.ActiveCfg = RelWithDebInfo|x64
		{162F7D8D-19BF-3C99-A7DF-3806E8A5AE56}.Debug|Any CPU.ActiveCfg = Debug|x64
		{162F7D8D-19BF-3C99-A7DF-3806E8A5AE56}.Debug|x64.ActiveCfg = Debug|x64
		{162F7D8D-19BF-3C99-A7DF-3806E8A5AE56}.Debug|x64.Build.0 = Debug|x64
		{162F7D8D-19BF-3C99-A7DF-3806E8A5AE56}.Debug|x86.ActiveCfg = Debug|x64
		{162F7D8D-19BF-3C99-A7DF-3806E8A5AE56}.MinSizeRel|Any CPU.ActiveCfg = MinSizeRel|x64
		{162F7D8D-19BF-3C99-A7DF-3806E8A5AE56}.MinSizeRel|x64.ActiveCfg = MinSizeRel|x64
		{162F7D8D-19BF-3C99-A7DF-3806E8A5AE56}.MinSizeRel|x64.Build.0 = MinSizeRel|x64
		{162F7D8D-19BF-3C99-A7DF-3806E8A5AE56}.MinSizeRel|x86.ActiveCfg = MinSizeRel|x64
		{162F7D8D-19BF-3C99-A7DF-3806E8A5AE56}.Release|Any CPU.ActiveCfg = Release|x64
		{162F7D8D-19BF-3C99-A7DF-3806E8A5AE56}.Release|x64.ActiveCfg = Release|x64
		{162F7D8D-19BF-3C99-A7DF-3806E8A5AE56}.Release|x64.Build.0 = Release|x64
		{162F7D8D-19BF-3C99-A7DF-3806E8A5AE56}.Release|x86.ActiveCfg = Release|x64
		{162F7D8D-19BF-3C99-A7DF-3806E8A5AE56}.RelWithDebInfo|Any CPU.ActiveCfg = RelWithDebInfo|x64
		{162F7D8D-19BF-3C99-A7DF-3806E8A5AE56}.RelWithDebInfo|x64.ActiveCfg = RelWithDebInfo|x64
		{162F7D8D-19BF-3C99-A7DF-3806E8A5AE56}.RelWithDebInfo|x64.Build.0 = RelWithDebInfo|x64
		{162F7D8D-19BF-3C99-A7DF-3806E8A5AE56}.RelWithDebInfo|x86.ActiveCfg = RelWithDebInfo|x64
		{D4DD3D83-DBED-3F93-B2F7-741DDE7EB8EC}.Debug|Any CPU.ActiveCfg = Debug|x64
		{D4DD3D83-DBED-3F93-B2F7-741DDE7EB8EC}.Debug|x64.ActiveCfg = Debug|x64
		{D4DD3D83-DBED-3F93-B2F7-741DDE7EB8EC}.Debug|x64.Build.0 = Debug|x64
		{D4DD3D83-DBED-3F93-B2F7-741DDE7EB8EC}.Debug|x86.ActiveCfg = Debug|x64
		{D4DD3D83-DBED-3F93-B2F7-741DDE7EB8EC}.MinSizeRel|Any CPU.ActiveCfg = MinSizeRel|x64
		{D4DD3D83-DBED-3F93-B2F7-741DDE7EB8EC}.MinSizeRel|x64.ActiveCfg = MinSizeRel|x64
		{D4DD3D83-DBED-3F93-B2F7-741DDE7EB8EC}.MinSizeRel|x64.Build.0 = MinSizeRel|x64
		{D4DD3D83-DBED-3F93-B2F7-741DDE7EB8EC}.MinSizeRel|x86.ActiveCfg = MinSizeRel|x64
		{D4DD3D83-DBED-3F93-B2F7-741DDE7EB8EC}.Release|Any CPU.ActiveCfg = Release|x64
		{D4DD3D83-DBED-3F93-B2F7-741DDE7EB8EC}.Release|x64.ActiveCfg = Release|x64
		{D4DD3D83-DBED-3F93-B2F7-741DDE7EB8EC}.Release|x64.Build.0 = Release|x64
		{D4DD3D83-DBED-3F93-B2F7-741DDE7EB8EC}.Release|x86.ActiveCfg = Release|x64
		{D4DD3D83-DBED-3F93-B2F7-741DDE7EB8EC}.RelWithDebInfo|Any CPU.ActiveCfg = RelWithDebInfo|x64
		{D4DD3D83-DBED-3F93-B2F7-741DDE7EB8EC}.RelWithDebInfo|x64.ActiveCfg = RelWithDebInfo|x64
		{D4DD3D83-DBED-3F93-B2F7-741DDE7EB8EC}.RelWithDebInfo|x64.Build.0 = RelWithDebInfo|x64
		{D4DD3D83-DBED-3F93-B2F7-741DDE7EB8EC}.RelWithDebInfo|x86.ActiveCfg = RelWithDebInfo|x64
		{EF632964-CBFD-3EB8-B493-F1422F19897E}.Debug|Any CPU.ActiveCfg = Debug|x64
		{EF632964-CBFD-3EB8-B493-F1422F19897E}.Debug|x64.ActiveCfg = Debug|x64
		{EF632964-CBFD-3EB8-B493-F1422F19897E}.Debug|x64.Build.0 = Debug|x64
		{EF632964-CBFD-3EB8-B493-F1422F19897E}.Debug|x86.ActiveCfg = Debug|x64
		{EF632964-CBFD-3EB8-B493-F1422F19897E}.MinSizeRel|Any CPU.ActiveCfg = MinSizeRel|x64
		{EF632964-CBFD-3EB8-B493-F1422F19897E}.MinSizeRel|x64.ActiveCfg = MinSizeRel|x64
		{EF632964-CBFD-3EB8-B493-F1422F19897E}.MinSizeRel|x64.Build.0 = MinSizeRel|x64
		{EF632964-CBFD-3EB8-B493-F1422F19897E}.MinSizeRel|x86.ActiveCfg = MinSizeRel|x64
		{EF632964-CBFD-3EB8-B493-F1422F19897E}.Release|Any CPU.ActiveCfg = Release|x64
		{EF632964-CBFD-3EB8-B493-F1422F19897E}.Release|x64.ActiveCfg = Release|x64
		{EF632964-CBFD-3EB8-B493-F1422F19897E}.Release|x64.Build.0 = Release|x64
		{EF632964-CBFD-3EB8-B493-F1422F19897E}.Release|x86.ActiveCfg = Release|x64
		{EF632964-CBFD-3EB8-B493-F1422F19897E}.RelWithDebInfo|Any CPU.ActiveCfg = RelWithDebInfo|x64
		{EF632964-CBFD-3EB8-B493-F1422F19897E}.RelWithDebInfo|x64.ActiveCfg = RelWithDebInfo|x64
		{EF632964-CBFD-3EB8-B493-F1422F19897E}.RelWithDebInfo|x64.Build.0 = RelWithDebInfo|x64
		{EF632964-CBFD-3EB8-B493-F1422F19897E}.RelWithDebInfo|x86.ActiveCfg = RelWithDebInfo|x64
		{264755E5-744B-307C-81D0-882803ED9A7E}.Debug|Any CPU.ActiveCfg = Debug|x64
		{264755E5-744B-307C-81D0-882803ED9A7E}.Debug|x64.ActiveCfg = Debug|x64
		{264755E5-744B-307C-81D0-882803ED9A7E}.Debug|x64.Build.0 = Debug|x64
		{264755E5-744B-307C-81D0-882803ED9A7E}.Debug|x86.ActiveCfg = Debug|x64
		{264755E5-744B-307C-81D0-882803ED9A7E}.MinSizeRel|Any CPU.ActiveCfg = MinSizeRel|x64
		{264755E5-744B-307C-81D0-882803ED9A7E}.MinSizeRel|x64.ActiveCfg = MinSizeRel|x64
		{264755E5-744B-307C-81D0-882803ED9A7E}.MinSizeRel|x64.Build.0 = MinSizeRel|x64
		{264755E5-744B-307C-81D0-882803ED9A7E}.MinSizeRel|x86.ActiveCfg = MinSizeRel|x64
		{264755E5-744B-307C-81D0-882803ED9A7E}.Release|Any CPU.ActiveCfg = Release|x64
		{264755E5-744B-307C-81D0-882803ED9A7E}.Release|x64.ActiveCfg = Release|x64
		{264755E5-744B-307C-81D0-882803ED9A7E}.Release|x64.Build.0 = Release|x64
		{264755E5-744B-307C-81D0-882803ED9A7E}.Release|x86.ActiveCfg = Release|x64
		{264755E5-744B-307C-81D0-882803ED9A7E}.RelWithDebInfo|Any CPU.ActiveCfg = RelWithDebInfo|x64
		{264755E5-744B-307C-81D0-882803ED9A7E}.RelWithDebInfo|x64.ActiveCfg = RelWithDebInfo|x64
		{264755E5-744B-307C-81D0-882803ED9A7E}.RelWithDebInfo|x64.Build.0 = RelWithDebInfo|x64
		{264755E5-744B-307C-81D0-882803ED9A7E}.RelWithDebInfo|x86.ActiveCfg = RelWithDebInfo|x64
		{3CCA6637-5D1B-3099-B90C-7C20BB251B4A}.Debug|Any CPU.ActiveCfg = Debug|x64
		{3CCA6637-5D1B-3099-B90C-7C20BB251B4A}.Debug|x64.ActiveCfg = Debug|x64
		{3CCA6637-5D1B-3099-B90C-7C20BB251B4A}.Debug|x64.Build.0 = Debug|x64
		{3CCA6637-5D1B-3099-B90C-7C20BB251B4A}.Debug|x86.ActiveCfg = Debug|x64
		{3CCA6637-5D1B-3099-B90C-7C20BB251B4A}.MinSizeRel|Any CPU.ActiveCfg = MinSizeRel|x64
		{3CCA6637-5D1B-3099-B90C-7C20BB251B4A}.MinSizeRel|x64.ActiveCfg = MinSizeRel|x64
		{3CCA6637-5D1B-3099-B90C-7C20BB251B4A}.MinSizeRel|x64.Build.0 = MinSizeRel|x64
		{3CCA6637-5D1B-3099-B90C-7C20BB251B4A}.MinSizeRel|x86.ActiveCfg = MinSizeRel|x64
		{3CCA6637-5D1B-3099-B90C-7C20BB251B4A}.Release|Any CPU.ActiveCfg = Release|x64
		{3CCA6637-5D1B-3099-B90C-7C20BB251B4A}.Release|x64.ActiveCfg = Release|x64
		{3CCA6637-5D1B-3099-B90C-7C20BB251B4A}.Release|x64.Build.0 = Release|x64
		{3CCA6637-5D1B-3099-B90C-7C20BB251B4A}.Release|x86.ActiveCfg = Release|x64
		{3CCA6637-5D1B-3099-B90C-7C20BB251B4A}.RelWithDebInfo|Any CPU.ActiveCfg = RelWithDebInfo|x64
		{3CCA6637-5D1B-3099-B90C-7C20BB251B4A}.RelWithDebInfo|x64.ActiveCfg = RelWithDebInfo|x64
		{3CCA6637-5D1B-3099-B90C-7C20BB251B4A}.RelWithDebInfo|x64.Build.0 = RelWithDebInfo|x64
		{3CCA6637-5D1B-3099-B90C-7C20BB251B4A}.RelWithDebInfo|x86.ActiveCfg = RelWithDebInfo|x64
		{A97D962A-BA90-3136-A140-397F3634A17D}.Debug|Any CPU.ActiveCfg = Debug|x64
		{A97D962A-BA90-3136-A140-397F3634A17D}.Debug|x64.ActiveCfg = Debug|x64
		{A97D962A-BA90-3136-A140-397F3634A17D}.Debug|x64.Build.0 = Debug|x64
		{A97D962A-BA90-3136-A140-397F3634A17D}.Debug|x86.ActiveCfg = Debug|x64
		{A97D962A-BA90-3136-A140-397F3634A17D}.MinSizeRel|Any CPU.ActiveCfg = MinSizeRel|x64
		{A97D962A-BA90-3136-A140-397F3634A17D}.MinSizeRel|x64.ActiveCfg = MinSizeRel|x64
		{A97D962A-BA90-3136-A140-397F3634A17D}.MinSizeRel|x64.Build.0 = MinSizeRel|x64
		{A97D962A-BA90-3136-A140-397F3634A17D}.MinSizeRel|x86.ActiveCfg = MinSizeRel|x64
		{A97D962A-BA90-3136-A140-397F3634A17D}.Release|Any CPU.ActiveCfg = Release|x64
		{A97D962A-BA90-3136-A140-397F3634A17D}.Release|x64.ActiveCfg = Release|x64
		{A97D962A-BA90-3136-A140-397F3634A17D}.Release|x64.Build.0 = Release|x64
		{A97D962A-BA90-3136-A140-397F3634A17D}.Release|x86.ActiveCfg = Release|x64
		{A97D962A-BA90-3136-A140-397F3634A17D}.RelWithDebInfo|Any CPU.ActiveCfg = RelWithDebInfo|x64
		{A97D962A-BA90-3136-A140-397F3634A17D}.RelWithDebInfo|x64.ActiveCfg = RelWithDebInfo|x64
		{A97D962A-BA90-3136-A140-397F3634A17D}.RelWithDebInfo|x64.Build.0 = RelWithDebInfo|x64
		{A97D962A-BA90-3136-A140-397F3634A17D}.RelWithDebInfo|x86.ActiveCfg = RelWithDebInfo|x64
		{F21AEFB6-1E44-34EF-A39B-A970ACEC86EB}.Debug|Any CPU.ActiveCfg = Debug|x64
		{F21AEFB6-1E44-34EF-A39B-A970ACEC86EB}.Debug|x64.ActiveCfg = Debug|x64
		{F21AEFB6-1E44-34EF-A39B-A970ACEC86EB}.Debug|x64.Build.0 = Debug|x64
		{F21AEFB6-1E44-34EF-A39B-A970ACEC86EB}.Debug|x86.ActiveCfg = Debug|x64
		{F21AEFB6-1E44-34EF-A39B-A970ACEC86EB}.MinSizeRel|Any CPU.ActiveCfg = MinSizeRel|x64
		{F21AEFB6-1E44-34EF-A39B-A970ACEC86EB}.MinSizeRel|x64.ActiveCfg = MinSizeRel|x64
		{F21AEFB6-1E44-34EF-A39B-A970ACEC86EB}.MinSizeRel|x64.Build.0 = MinSizeRel|x64
		{F21AEFB6-1E44-34EF-A39B-A970ACEC86EB}.MinSizeRel|x86.ActiveCfg = MinSizeRel|x64
		{F21AEFB6-1E44-34EF-A39B-A970ACEC86EB}.Release|Any CPU.ActiveCfg = Release|x64
		{F21AEFB6-1E44-34EF-A39B-A970ACEC86EB}.Release|x64.ActiveCfg = Release|x64
		{F21AEFB6-1E44-34EF-A39B-A970ACEC86EB}.Release|x64.Build.0 = Release|x64
		{F21AEFB6-1E44-34EF-A39B-A970ACEC86EB}.Release|x86.ActiveCfg = Release|x64
		{F21AEFB6-1E44-34EF-A39B-A970ACEC86EB}.RelWithDebInfo|Any CPU.ActiveCfg = RelWithDebInfo|x64
		{F21AEFB6-1E44-34EF-A39B-A970ACEC86EB}.RelWithDebInfo|x64.ActiveCfg = RelWithDebInfo|x64
		{F21AEFB6-1E44-34EF-A39B-A970ACEC86EB}.RelWithDebInfo|x64.Build.0 = RelWithDebInfo|x64
		{F21AEFB6-1E44-34EF-A39B-A970ACEC86EB}.RelWithDebInfo|x86.ActiveCfg = RelWithDebInfo|x64
		{A4CCDA32-B020-3498-9466-5E7420D8C131}.Debug|Any CPU.ActiveCfg = Debug|x64
		{A4CCDA32-B020-3498-9466-5E7420D8C131}.Debug|x64.ActiveCfg = Debug|x64
		{A4CCDA32-B020-3498-9466-5E7420D8C131}.Debug|x64.Build.0 = Debug|x64
		{A4CCDA32-B020-3498-9466-5E7420D8C131}.Debug|x86.ActiveCfg = Debug|x64
		{A4CCDA32-B020-3498-9466-5E7420D8C131}.MinSizeRel|Any CPU.ActiveCfg = MinSizeRel|x64
		{A4CCDA32-B020-3498-9466-5E7420D8C131}.MinSizeRel|x64.ActiveCfg = MinSizeRel|x64
		{A4CCDA32-B020-3498-9466-5E7420D8C131}.MinSizeRel|x64.Build.0 = MinSizeRel|x64
		{A4CCDA32-B020-3498-9466-5E7420D8C131}.MinSizeRel|x86.ActiveCfg = MinSizeRel|x64
		{A4CCDA32-B020-3498-9466-5E7420D8C131}.Release|Any CPU.ActiveCfg = Release|x64
		{A4CCDA32-B020-3498-9466-5E7420D8C131}.Release|x64.ActiveCfg = Release|x64
		{A4CCDA32-B020-3498-9466-5E7420D8C131}.Release|x64.Build.0 = Release|x64
		{A4CCDA32-B020-3498-9466-5E7420D8C131}.Release|x86.ActiveCfg = Release|x64
		{A4CCDA32-B020-3498-9466-5E7420D8C131}.RelWithDebInfo|Any CPU.ActiveCfg = RelWithDebInfo|x64
		{A4CCDA32-B020-3498-9466-5E7420D8C131}.RelWithDebInfo|x64.ActiveCfg = RelWithDebInfo|x64
		{A4CCDA32-B020-3498-9466-5E7420D8C131}.RelWithDebInfo|x64.Build.0 = RelWithDebInfo|x64
		{A4CCDA32-B020-3498-9466-5E7420D8C131}.RelWithDebInfo|x86.ActiveCfg = RelWithDebInfo|x64
		{78368014-47FB-353B-B0F9-7E16BB7D99B6}.Debug|Any CPU.ActiveCfg = Debug|x64
		{78368014-47FB-353B-B0F9-7E16BB7D99B6}.Debug|x64.ActiveCfg = Debug|x64
		{78368014-47FB-353B-B0F9-7E16BB7D99B6}.Debug|x64.Build.0 = Debug|x64
		{78368014-47FB-353B-B0F9-7E16BB7D99B6}.Debug|x86.ActiveCfg = Debug|x64
		{78368014-47FB-353B-B0F9-7E16BB7D99B6}.MinSizeRel|Any CPU.ActiveCfg = MinSizeRel|x64
		{78368014-47FB-353B-B0F9-7E16BB7D99B6}.MinSizeRel|x64.ActiveCfg = MinSizeRel|x64
		{78368014-47FB-353B-B0F9-7E16BB7D99B6}.MinSizeRel|x64.Build.0 = MinSizeRel|x64
		{78368014-47FB-353B-B0F9-7E16BB7D99B6}.MinSizeRel|x86.ActiveCfg = MinSizeRel|x64
		{78368014-47FB-353B-B0F9-7E16BB7D99B6}.Release|Any CPU.ActiveCfg = Release|x64
		{78368014-47FB-353B-B0F9-7E16BB7D99B6}.Release|x64.ActiveCfg = Release|x64
		{78368014-47FB-353B-B0F9-7E16BB7D99B6}.Release|x64.Build.0 = Release|x64
		{78368014-47FB-353B-B0F9-7E16BB7D99B6}.Release|x86.ActiveCfg = Release|x64
		{78368014-47FB-353B-B0F9-7E16BB7D99B6}.RelWithDebInfo|Any CPU.ActiveCfg = RelWithDebInfo|x64
		{78368014-47FB-353B-B0F9-7E16BB7D99B6}.RelWithDebInfo|x64.ActiveCfg = RelWithDebInfo|x64
		{78368014-47FB-353B-B0F9-7E16BB7D99B6}.RelWithDebInfo|x64.Build.0 = RelWithDebInfo|x64
		{78368014-47FB-353B-B0F9-7E16BB7D99B6}.RelWithDebInfo|x86.ActiveCfg = RelWithDebInfo|x64
		{271785FB-C418-381A-B16A-43D55C8362CB}.Debug|Any CPU.ActiveCfg = Debug|x64
		{271785FB-C418-381A-B16A-43D55C8362CB}.Debug|x64.ActiveCfg = Debug|x64
		{271785FB-C418-381A-B16A-43D55C8362CB}.Debug|x64.Build.0 = Debug|x64
		{271785FB-C418-381A-B16A-43D55C8362CB}.Debug|x86.ActiveCfg = Debug|x64
		{271785FB-C418-381A-B16A-43D55C8362CB}.MinSizeRel|Any CPU.ActiveCfg = MinSizeRel|x64
		{271785FB-C418-381A-B16A-43D55C8362CB}.MinSizeRel|x64.ActiveCfg = MinSizeRel|x64
		{271785FB-C418-381A-B16A-43D55C8362CB}.MinSizeRel|x64.Build.0 = MinSizeRel|x64
		{271785FB-C418-381A-B16A-43D55C8362CB}.MinSizeRel|x86.ActiveCfg = MinSizeRel|x64
		{271785FB-C418-381A-B16A-43D55C8362CB}.Release|Any CPU.ActiveCfg = Release|x64
		{271785FB-C418-381A-B16A-43D55C8362CB}.Release|x64.ActiveCfg = Release|x64
		{271785FB-C418-381A-B16A-43D55C8362CB}.Release|x64.Build.0 = Release|x64
		{271785FB-C418-381A-B16A-43D55C8362CB}.Release|x86.ActiveCfg = Release|x64
		{271785FB-C418-381A-B16A-43D55C8362CB}.RelWithDebInfo|Any CPU.ActiveCfg = RelWithDebInfo|x64
		{271785FB-C418-381A-B16A-43D55C8362CB}.RelWithDebInfo|x64.ActiveCfg = RelWithDebInfo|x64
		{271785FB-C418-381A-B16A-43D55C8362CB}.RelWithDebInfo|x64.Build.0 = RelWithDebInfo|x64
		{271785FB-C418-381A-B16A-43D55C8362CB}.RelWithDebInfo|x86.ActiveCfg = RelWithDebInfo|x64
		{90967C19-0CDB-3C41-9545-BB1459B64264}.Debug|Any CPU.ActiveCfg = Debug|x64
		{90967C19-0CDB-3C41-9545-BB1459B64264}.Debug|x64.ActiveCfg = Debug|x64
		{90967C19-0CDB-3C41-9545-BB1459B64264}.Debug|x64.Build.0 = Debug|x64
		{90967C19-0CDB-3C41-9545-BB1459B64264}.Debug|x86.ActiveCfg = Debug|x64
		{90967C19-0CDB-3C41-9545-BB1459B64264}.MinSizeRel|Any CPU.ActiveCfg = MinSizeRel|x64
		{90967C19-0CDB-3C41-9545-BB1459B64264}.MinSizeRel|x64.ActiveCfg = MinSizeRel|x64
		{90967C19-0CDB-3C41-9545-BB1459B64264}.MinSizeRel|x64.Build.0 = MinSizeRel|x64
		{90967C19-0CDB-3C41-9545-BB1459B64264}.MinSizeRel|x86.ActiveCfg = MinSizeRel|x64
		{90967C19-0CDB-3C41-9545-BB1459B64264}.Release|Any CPU.ActiveCfg = Release|x64
		{90967C19-0CDB-3C41-9545-BB1459B64264}.Release|x64.ActiveCfg = Release|x64
		{90967C19-0CDB-3C41-9545-BB1459B64264}.Release|x64.Build.0 = Release|x64
		{90967C19-0CDB-3C41-9545-BB1459B64264}.Release|x86.ActiveCfg = Release|x64
		{90967C19-0CDB-3C41-9545-BB1459B64264}.RelWithDebInfo|Any CPU.ActiveCfg = RelWithDebInfo|x64
		{90967C19-0CDB-3C41-9545-BB1459B64264}.RelWithDebInfo|x64.ActiveCfg = RelWithDebInfo|x64
		{90967C19-0CDB-3C41-9545-BB1459B64264}.RelWithDebInfo|x64.Build.0 = RelWithDebInfo|x64
		{90967C19-0CDB-3C41-9545-BB1459B64264}.RelWithDebInfo|x86.ActiveCfg = RelWithDebInfo|x64
		{67200255-A8AD-3342-AF89-8253F65BFEB4}.Debug|Any CPU.ActiveCfg = Debug|x64
		{67200255-A8AD-3342-AF89-8253F65BFEB4}.Debug|x64.ActiveCfg = Debug|x64
		{67200255-A8AD-3342-AF89-8253F65BFEB4}.Debug|x64.Build.0 = Debug|x64
		{67200255-A8AD-3342-AF89-8253F65BFEB4}.Debug|x86.ActiveCfg = Debug|x64
		{67200255-A8AD-3342-AF89-8253F65BFEB4}.MinSizeRel|Any CPU.ActiveCfg = MinSizeRel|x64
		{67200255-A8AD-3342-AF89-8253F65BFEB4}.MinSizeRel|x64.ActiveCfg = MinSizeRel|x64
		{67200255-A8AD-3342-AF89-8253F65BFEB4}.MinSizeRel|x64.Build.0 = MinSizeRel|x64
		{67200255-A8AD-3342-AF89-8253F65BFEB4}.MinSizeRel|x86.ActiveCfg = MinSizeRel|x64
		{67200255-A8AD-3342-AF89-8253F65BFEB4}.Release|Any CPU.ActiveCfg = Release|x64
		{67200255-A8AD-3342-AF89-8253F65BFEB4}.Release|x64.ActiveCfg = Release|x64
		{67200255-A8AD-3342-AF89-8253F65BFEB4}.Release|x64.Build.0 = Release|x64
		{67200255-A8AD-3342-AF89-8253F65BFEB4}.Release|x86.ActiveCfg = Release|x64
		{67200255-A8AD-3342-AF89-8253F65BFEB4}.RelWithDebInfo|Any CPU.ActiveCfg = RelWithDebInfo|x64
		{67200255-A8AD-3342-AF89-8253F65BFEB4}.RelWithDebInfo|x64.ActiveCfg = RelWithDebInfo|x64
		{67200255-A8AD-3342-AF89-8253F65BFEB4}.RelWithDebInfo|x64.Build.0 = RelWithDebInfo|x64
		{67200255-A8AD-3342-AF89-8253F65BFEB4}.RelWithDebInfo|x86.ActiveCfg = RelWithDebInfo|x64
		{F04B39B2-CB87-321A-8C42-8D20E5B47F75}.Debug|Any CPU.ActiveCfg = Debug|x64
		{F04B39B2-CB87-321A-8C42-8D20E5B47F75}.Debug|x64.ActiveCfg = Debug|x64
		{F04B39B2-CB87-321A-8C42-8D20E5B47F75}.Debug|x64.Build.0 = Debug|x64
		{F04B39B2-CB87-321A-8C42-8D20E5B47F75}.Debug|x86.ActiveCfg = Debug|x64
		{F04B39B2-CB87-321A-8C42-8D20E5B47F75}.MinSizeRel|Any CPU.ActiveCfg = MinSizeRel|x64
		{F04B39B2-CB87-321A-8C42-8D20E5B47F75}.MinSizeRel|x64.ActiveCfg = MinSizeRel|x64
		{F04B39B2-CB87-321A-8C42-8D20E5B47F75}.MinSizeRel|x64.Build.0 = MinSizeRel|x64
		{F04B39B2-CB87-321A-8C42-8D20E5B47F75}.MinSizeRel|x86.ActiveCfg = MinSizeRel|x64
		{F04B39B2-CB87-321A-8C42-8D20E5B47F75}.Release|Any CPU.ActiveCfg = Release|x64
		{F04B39B2-CB87-321A-8C42-8D20E5B47F75}.Release|x64.ActiveCfg = Release|x64
		{F04B39B2-CB87-321A-8C42-8D20E5B47F75}.Release|x64.Build.0 = Release|x64
		{F04B39B2-CB87-321A-8C42-8D20E5B47F75}.Release|x86.ActiveCfg = Release|x64
		{F04B39B2-CB87-321A-8C42-8D20E5B47F75}.RelWithDebInfo|Any CPU.ActiveCfg = RelWithDebInfo|x64
		{F04B39B2-CB87-321A-8C42-8D20E5B47F75}.RelWithDebInfo|x64.ActiveCfg = RelWithDebInfo|x64
		{F04B39B2-CB87-321A-8C42-8D20E5B47F75}.RelWithDebInfo|x64.Build.0 = RelWithDebInfo|x64
		{F04B39B2-CB87-321A-8C42-8D20E5B47F75}.RelWithDebInfo|x86.ActiveCfg = RelWithDebInfo|x64
		{AC3C03BA-CFC2-309D-8163-38C408D31AA8}.Debug|Any CPU.ActiveCfg = Debug|x64
		{AC3C03BA-CFC2-309D-8163-38C408D31AA8}.Debug|x64.ActiveCfg = Debug|x64
		{AC3C03BA-CFC2-309D-8163-38C408D31AA8}.Debug|x64.Build.0 = Debug|x64
		{AC3C03BA-CFC2-309D-8163-38C408D31AA8}.Debug|x86.ActiveCfg = Debug|x64
		{AC3C03BA-CFC2-309D-8163-38C408D31AA8}.MinSizeRel|Any CPU.ActiveCfg = MinSizeRel|x64
		{AC3C03BA-CFC2-309D-8163-38C408D31AA8}.MinSizeRel|x64.ActiveCfg = MinSizeRel|x64
		{AC3C03BA-CFC2-309D-8163-38C408D31AA8}.MinSizeRel|x64.Build.0 = MinSizeRel|x64
		{AC3C03BA-CFC2-309D-8163-38C408D31AA8}.MinSizeRel|x86.ActiveCfg = MinSizeRel|x64
		{AC3C03BA-CFC2-309D-8163-38C408D31AA8}.Release|Any CPU.ActiveCfg = Release|x64
		{AC3C03BA-CFC2-309D-8163-38C408D31AA8}.Release|x64.ActiveCfg = Release|x64
		{AC3C03BA-CFC2-309D-8163-38C408D31AA8}.Release|x64.Build.0 = Release|x64
		{AC3C03BA-CFC2-309D-8163-38C408D31AA8}.Release|x86.ActiveCfg = Release|x64
		{AC3C03BA-CFC2-309D-8163-38C408D31AA8}.RelWithDebInfo|Any CPU.ActiveCfg = RelWithDebInfo|x64
		{AC3C03BA-CFC2-309D-8163-38C408D31AA8}.RelWithDebInfo|x64.ActiveCfg = RelWithDebInfo|x64
		{AC3C03BA-CFC2-309D-8163-38C408D31AA8}.RelWithDebInfo|x64.Build.0 = RelWithDebInfo|x64
		{AC3C03BA-CFC2-309D-8163-38C408D31AA8}.RelWithDebInfo|x86.ActiveCfg = RelWithDebInfo|x64
		{6AFBEEBF-5B16-3F9C-9415-5A264C0EBDA0}.Debug|Any CPU.ActiveCfg = Debug|x64
		{6AFBEEBF-5B16-3F9C-9415-5A264C0EBDA0}.Debug|x64.ActiveCfg = Debug|x64
		{6AFBEEBF-5B16-3F9C-9415-5A264C0EBDA0}.Debug|x64.Build.0 = Debug|x64
		{6AFBEEBF-5B16-3F9C-9415-5A264C0EBDA0}.Debug|x86.ActiveCfg = Debug|x64
		{6AFBEEBF-5B16-3F9C-9415-5A264C0EBDA0}.MinSizeRel|Any CPU.ActiveCfg = MinSizeRel|x64
		{6AFBEEBF-5B16-3F9C-9415-5A264C0EBDA0}.MinSizeRel|x64.ActiveCfg = MinSizeRel|x64
		{6AFBEEBF-5B16-3F9C-9415-5A264C0EBDA0}.MinSizeRel|x64.Build.0 = MinSizeRel|x64
		{6AFBEEBF-5B16-3F9C-9415-5A264C0EBDA0}.MinSizeRel|x86.ActiveCfg = MinSizeRel|x64
		{6AFBEEBF-5B16-3F9C-9415-5A264C0EBDA0}.Release|Any CPU.ActiveCfg = Release|x64
		{6AFBEEBF-5B16-3F9C-9415-5A264C0EBDA0}.Release|x64.ActiveCfg = Release|x64
		{6AFBEEBF-5B16-3F9C-9415-5A264C0EBDA0}.Release|x64.Build.0 = Release|x64
		{6AFBEEBF-5B16-3F9C-9415-5A264C0EBDA0}.Release|x86.ActiveCfg = Release|x64
		{6AFBEEBF-5B16-3F9C-9415-5A264C0EBDA0}.RelWithDebInfo|Any CPU.ActiveCfg = RelWithDebInfo|x64
		{6AFBEEBF-5B16-3F9C-9415-5A264C0EBDA0}.RelWithDebInfo|x64.ActiveCfg = RelWithDebInfo|x64
		{6AFBEEBF-5B16-3F9C-9415-5A264C0EBDA0}.RelWithDebInfo|x64.Build.0 = RelWithDebInfo|x64
		{6AFBEEBF-5B16-3F9C-9415-5A264C0EBDA0}.RelWithDebInfo|x86.ActiveCfg = RelWithDebInfo|x64
		{537D20F4-5965-3EC9-B15C-D3AC1C48309D}.Debug|Any CPU.ActiveCfg = Debug|x64
		{537D20F4-5965-3EC9-B15C-D3AC1C48309D}.Debug|x64.ActiveCfg = Debug|x64
		{537D20F4-5965-3EC9-B15C-D3AC1C48309D}.Debug|x64.Build.0 = Debug|x64
		{537D20F4-5965-3EC9-B15C-D3AC1C48309D}.Debug|x86.ActiveCfg = Debug|x64
		{537D20F4-5965-3EC9-B15C-D3AC1C48309D}.MinSizeRel|Any CPU.ActiveCfg = MinSizeRel|x64
		{537D20F4-5965-3EC9-B15C-D3AC1C48309D}.MinSizeRel|x64.ActiveCfg = MinSizeRel|x64
		{537D20F4-5965-3EC9-B15C-D3AC1C48309D}.MinSizeRel|x64.Build.0 = MinSizeRel|x64
		{537D20F4-5965-3EC9-B15C-D3AC1C48309D}.MinSizeRel|x86.ActiveCfg = MinSizeRel|x64
		{537D20F4-5965-3EC9-B15C-D3AC1C48309D}.Release|Any CPU.ActiveCfg = Release|x64
		{537D20F4-5965-3EC9-B15C-D3AC1C48309D}.Release|x64.ActiveCfg = Release|x64
		{537D20F4-5965-3EC9-B15C-D3AC1C48309D}.Release|x64.Build.0 = Release|x64
		{537D20F4-5965-3EC9-B15C-D3AC1C48309D}.Release|x86.ActiveCfg = Release|x64
		{537D20F4-5965-3EC9-B15C-D3AC1C48309D}.RelWithDebInfo|Any CPU.ActiveCfg = RelWithDebInfo|x64
		{537D20F4-5965-3EC9-B15C-D3AC1C48309D}.RelWithDebInfo|x64.ActiveCfg = RelWithDebInfo|x64
		{537D20F4-5965-3EC9-B15C-D3AC1C48309D}.RelWithDebInfo|x64.Build.0 = RelWithDebInfo|x64
		{537D20F4-5965-3EC9-B15C-D3AC1C48309D}.RelWithDebInfo|x86.ActiveCfg = RelWithDebInfo|x64
		{8627B48F-522E-3A21-8FAD-1FDEED65A39C}.Debug|Any CPU.ActiveCfg = Debug|x64
		{8627B48F-522E-3A21-8FAD-1FDEED65A39C}.Debug|x64.ActiveCfg = Debug|x64
		{8627B48F-522E-3A21-8FAD-1FDEED65A39C}.Debug|x64.Build.0 = Debug|x64
		{8627B48F-522E-3A21-8FAD-1FDEED65A39C}.Debug|x86.ActiveCfg = Debug|x64
		{8627B48F-522E-3A21-8FAD-1FDEED65A39C}.MinSizeRel|Any CPU.ActiveCfg = MinSizeRel|x64
		{8627B48F-522E-3A21-8FAD-1FDEED65A39C}.MinSizeRel|x64.ActiveCfg = MinSizeRel|x64
		{8627B48F-522E-3A21-8FAD-1FDEED65A39C}.MinSizeRel|x64.Build.0 = MinSizeRel|x64
		{8627B48F-522E-3A21-8FAD-1FDEED65A39C}.MinSizeRel|x86.ActiveCfg = MinSizeRel|x64
		{8627B48F-522E-3A21-8FAD-1FDEED65A39C}.Release|Any CPU.ActiveCfg = Release|x64
		{8627B48F-522E-3A21-8FAD-1FDEED65A39C}.Release|x64.ActiveCfg = Release|x64
		{8627B48F-522E-3A21-8FAD-1FDEED65A39C}.Release|x64.Build.0 = Release|x64
		{8627B48F-522E-3A21-8FAD-1FDEED65A39C}.Release|x86.ActiveCfg = Release|x64
		{8627B48F-522E-3A21-8FAD-1FDEED65A39C}.RelWithDebInfo|Any CPU.ActiveCfg = RelWithDebInfo|x64
		{8627B48F-522E-3A21-8FAD-1FDEED65A39C}.RelWithDebInfo|x64.ActiveCfg = RelWithDebInfo|x64
		{8627B48F-522E-3A21-8FAD-1FDEED65A39C}.RelWithDebInfo|x64.Build.0 = RelWithDebInfo|x64
		{8627B48F-522E-3A21-8FAD-1FDEED65A39C}.RelWithDebInfo|x86.ActiveCfg = RelWithDebInfo|x64
		{FC5F0348-7840-3481-A897-BBD90F1629BC}.Debug|Any CPU.ActiveCfg = Debug|x64
		{FC5F0348-7840-3481-A897-BBD90F1629BC}.Debug|x64.ActiveCfg = Debug|x64
		{FC5F0348-7840-3481-A897-BBD90F1629BC}.Debug|x64.Build.0 = Debug|x64
		{FC5F0348-7840-3481-A897-BBD90F1629BC}.Debug|x86.ActiveCfg = Debug|x64
		{FC5F0348-7840-3481-A897-BBD90F1629BC}.MinSizeRel|Any CPU.ActiveCfg = MinSizeRel|x64
		{FC5F0348-7840-3481-A897-BBD90F1629BC}.MinSizeRel|x64.ActiveCfg = MinSizeRel|x64
		{FC5F0348-7840-3481-A897-BBD90F1629BC}.MinSizeRel|x64.Build.0 = MinSizeRel|x64
		{FC5F0348-7840-3481-A897-BBD90F1629BC}.MinSizeRel|x86.ActiveCfg = MinSizeRel|x64
		{FC5F0348-7840-3481-A897-BBD90F1629BC}.Release|Any CPU.ActiveCfg = Release|x64
		{FC5F0348-7840-3481-A897-BBD90F1629BC}.Release|x64.ActiveCfg = Release|x64
		{FC5F0348-7840-3481-A897-BBD90F1629BC}.Release|x64.Build.0 = Release|x64
		{FC5F0348-7840-3481-A897-BBD90F1629BC}.Release|x86.ActiveCfg = Release|x64
		{FC5F0348-7840-3481-A897-BBD90F1629BC}.RelWithDebInfo|Any CPU.ActiveCfg = RelWithDebInfo|x64
		{FC5F0348-7840-3481-A897-BBD90F1629BC}.RelWithDebInfo|x64.ActiveCfg = RelWithDebInfo|x64
		{FC5F0348-7840-3481-A897-BBD90F1629BC}.RelWithDebInfo|x64.Build.0 = RelWithDebInfo|x64
		{FC5F0348-7840-3481-A897-BBD90F1629BC}.RelWithDebInfo|x86.ActiveCfg = RelWithDebInfo|x64
		{EFCE4C2C-33B6-312B-8B37-80978F44B40F}.Debug|Any CPU.ActiveCfg = Debug|x64
		{EFCE4C2C-33B6-312B-8B37-80978F44B40F}.Debug|x64.ActiveCfg = Debug|x64
		{EFCE4C2C-33B6-312B-8B37-80978F44B40F}.Debug|x64.Build.0 = Debug|x64
		{EFCE4C2C-33B6-312B-8B37-80978F44B40F}.Debug|x86.ActiveCfg = Debug|x64
		{EFCE4C2C-33B6-312B-8B37-80978F44B40F}.MinSizeRel|Any CPU.ActiveCfg = MinSizeRel|x64
		{EFCE4C2C-33B6-312B-8B37-80978F44B40F}.MinSizeRel|x64.ActiveCfg = MinSizeRel|x64
		{EFCE4C2C-33B6-312B-8B37-80978F44B40F}.MinSizeRel|x64.Build.0 = MinSizeRel|x64
		{EFCE4C2C-33B6-312B-8B37-80978F44B40F}.MinSizeRel|x86.ActiveCfg = MinSizeRel|x64
		{EFCE4C2C-33B6-312B-8B37-80978F44B40F}.Release|Any CPU.ActiveCfg = Release|x64
		{EFCE4C2C-33B6-312B-8B37-80978F44B40F}.Release|x64.ActiveCfg = Release|x64
		{EFCE4C2C-33B6-312B-8B37-80978F44B40F}.Release|x64.Build.0 = Release|x64
		{EFCE4C2C-33B6-312B-8B37-80978F44B40F}.Release|x86.ActiveCfg = Release|x64
		{EFCE4C2C-33B6-312B-8B37-80978F44B40F}.RelWithDebInfo|Any CPU.ActiveCfg = RelWithDebInfo|x64
		{EFCE4C2C-33B6-312B-8B37-80978F44B40F}.RelWithDebInfo|x64.ActiveCfg = RelWithDebInfo|x64
		{EFCE4C2C-33B6-312B-8B37-80978F44B40F}.RelWithDebInfo|x64.Build.0 = RelWithDebInfo|x64
		{EFCE4C2C-33B6-312B-8B37-80978F44B40F}.RelWithDebInfo|x86.ActiveCfg = RelWithDebInfo|x64
		{FFB5B188-B461-398A-B36A-67E514F37CEC}.Debug|Any CPU.ActiveCfg = Debug|x64
		{FFB5B188-B461-398A-B36A-67E514F37CEC}.Debug|x64.ActiveCfg = Debug|x64
		{FFB5B188-B461-398A-B36A-67E514F37CEC}.Debug|x64.Build.0 = Debug|x64
		{FFB5B188-B461-398A-B36A-67E514F37CEC}.Debug|x86.ActiveCfg = Debug|x64
		{FFB5B188-B461-398A-B36A-67E514F37CEC}.MinSizeRel|Any CPU.ActiveCfg = MinSizeRel|x64
		{FFB5B188-B461-398A-B36A-67E514F37CEC}.MinSizeRel|x64.ActiveCfg = MinSizeRel|x64
		{FFB5B188-B461-398A-B36A-67E514F37CEC}.MinSizeRel|x64.Build.0 = MinSizeRel|x64
		{FFB5B188-B461-398A-B36A-67E514F37CEC}.MinSizeRel|x86.ActiveCfg = MinSizeRel|x64
		{FFB5B188-B461-398A-B36A-67E514F37CEC}.Release|Any CPU.ActiveCfg = Release|x64
		{FFB5B188-B461-398A-B36A-67E514F37CEC}.Release|x64.ActiveCfg = Release|x64
		{FFB5B188-B461-398A-B36A-67E514F37CEC}.Release|x64.Build.0 = Release|x64
		{FFB5B188-B461-398A-B36A-67E514F37CEC}.Release|x86.ActiveCfg = Release|x64
		{FFB5B188-B461-398A-B36A-67E514F37CEC}.RelWithDebInfo|Any CPU.ActiveCfg = RelWithDebInfo|x64
		{FFB5B188-B461-398A-B36A-67E514F37CEC}.RelWithDebInfo|x64.ActiveCfg = RelWithDebInfo|x64
		{FFB5B188-B461-398A-B36A-67E514F37CEC}.RelWithDebInfo|x64.Build.0 = RelWithDebInfo|x64
		{FFB5B188-B461-398A-B36A-67E514F37CEC}.RelWithDebInfo|x86.ActiveCfg = RelWithDebInfo|x64
		{CB20CAA7-D947-3530-891E-8C179C34334F}.Debug|Any CPU.ActiveCfg = Debug|x64
		{CB20CAA7-D947-3530-891E-8C179C34334F}.Debug|x64.ActiveCfg = Debug|x64
		{CB20CAA7-D947-3530-891E-8C179C34334F}.Debug|x64.Build.0 = Debug|x64
		{CB20CAA7-D947-3530-891E-8C179C34334F}.Debug|x86.ActiveCfg = Debug|x64
		{CB20CAA7-D947-3530-891E-8C179C34334F}.MinSizeRel|Any CPU.ActiveCfg = MinSizeRel|x64
		{CB20CAA7-D947-3530-891E-8C179C34334F}.MinSizeRel|x64.ActiveCfg = MinSizeRel|x64
		{CB20CAA7-D947-3530-891E-8C179C34334F}.MinSizeRel|x64.Build.0 = MinSizeRel|x64
		{CB20CAA7-D947-3530-891E-8C179C34334F}.MinSizeRel|x86.ActiveCfg = MinSizeRel|x64
		{CB20CAA7-D947-3530-891E-8C179C34334F}.Release|Any CPU.ActiveCfg = Release|x64
		{CB20CAA7-D947-3530-891E-8C179C34334F}.Release|x64.ActiveCfg = Release|x64
		{CB20CAA7-D947-3530-891E-8C179C34334F}.Release|x64.Build.0 = Release|x64
		{CB20CAA7-D947-3530-891E-8C179C34334F}.Release|x86.ActiveCfg = Release|x64
		{CB20CAA7-D947-3530-891E-8C179C34334F}.RelWithDebInfo|Any CPU.ActiveCfg = RelWithDebInfo|x64
		{CB20CAA7-D947-3530-891E-8C179C34334F}.RelWithDebInfo|x64.ActiveCfg = RelWithDebInfo|x64
		{CB20CAA7-D947-3530-891E-8C179C34334F}.RelWithDebInfo|x64.Build.0 = RelWithDebInfo|x64
		{CB20CAA7-D947-3530-891E-8C179C34334F}.RelWithDebInfo|x86.ActiveCfg = RelWithDebInfo|x64
		{FF4D7BC0-8CFD-313A-A498-7D21C9191910}.Debug|Any CPU.ActiveCfg = Debug|x64
		{FF4D7BC0-8CFD-313A-A498-7D21C9191910}.Debug|x64.ActiveCfg = Debug|x64
		{FF4D7BC0-8CFD-313A-A498-7D21C9191910}.Debug|x64.Build.0 = Debug|x64
		{FF4D7BC0-8CFD-313A-A498-7D21C9191910}.Debug|x86.ActiveCfg = Debug|x64
		{FF4D7BC0-8CFD-313A-A498-7D21C9191910}.MinSizeRel|Any CPU.ActiveCfg = MinSizeRel|x64
		{FF4D7BC0-8CFD-313A-A498-7D21C9191910}.MinSizeRel|x64.ActiveCfg = MinSizeRel|x64
		{FF4D7BC0-8CFD-313A-A498-7D21C9191910}.MinSizeRel|x64.Build.0 = MinSizeRel|x64
		{FF4D7BC0-8CFD-313A-A498-7D21C9191910}.MinSizeRel|x86.ActiveCfg = MinSizeRel|x64
		{FF4D7BC0-8CFD-313A-A498-7D21C9191910}.Release|Any CPU.ActiveCfg = Release|x64
		{FF4D7BC0-8CFD-313A-A498-7D21C9191910}.Release|x64.ActiveCfg = Release|x64
		{FF4D7BC0-8CFD-313A-A498-7D21C9191910}.Release|x64.Build.0 = Release|x64
		{FF4D7BC0-8CFD-313A-A498-7D21C9191910}.Release|x86.ActiveCfg = Release|x64
		{FF4D7BC0-8CFD-313A-A498-7D21C9191910}.RelWithDebInfo|Any CPU.ActiveCfg = RelWithDebInfo|x64
		{FF4D7BC0-8CFD-313A-A498-7D21C9191910}.RelWithDebInfo|x64.ActiveCfg = RelWithDebInfo|x64
		{FF4D7BC0-8CFD-313A-A498-7D21C9191910}.RelWithDebInfo|x64.Build.0 = RelWithDebInfo|x64
		{FF4D7BC0-8CFD-313A-A498-7D21C9191910}.RelWithDebInfo|x86.ActiveCfg = RelWithDebInfo|x64
		{524EA7A1-2D13-3820-B22C-9EE363E9F171}.Debug|Any CPU.ActiveCfg = Debug|x64
		{524EA7A1-2D13-3820-B22C-9EE363E9F171}.Debug|x64.ActiveCfg = Debug|x64
		{524EA7A1-2D13-3820-B22C-9EE363E9F171}.Debug|x86.ActiveCfg = Debug|x64
		{524EA7A1-2D13-3820-B22C-9EE363E9F171}.MinSizeRel|Any CPU.ActiveCfg = MinSizeRel|x64
		{524EA7A1-2D13-3820-B22C-9EE363E9F171}.MinSizeRel|x64.ActiveCfg = MinSizeRel|x64
		{524EA7A1-2D13-3820-B22C-9EE363E9F171}.MinSizeRel|x86.ActiveCfg = MinSizeRel|x64
		{524EA7A1-2D13-3820-B22C-9EE363E9F171}.Release|Any CPU.ActiveCfg = Release|x64
		{524EA7A1-2D13-3820-B22C-9EE363E9F171}.Release|x64.ActiveCfg = Release|x64
		{524EA7A1-2D13-3820-B22C-9EE363E9F171}.Release|x86.ActiveCfg = Release|x64
		{524EA7A1-2D13-3820-B22C-9EE363E9F171}.RelWithDebInfo|Any CPU.ActiveCfg = RelWithDebInfo|x64
		{524EA7A1-2D13-3820-B22C-9EE363E9F171}.RelWithDebInfo|x64.ActiveCfg = RelWithDebInfo|x64
		{524EA7A1-2D13-3820-B22C-9EE363E9F171}.RelWithDebInfo|x86.ActiveCfg = RelWithDebInfo|x64
	EndGlobalSection
	GlobalSection(SolutionProperties) = preSolution
		HideSolutionNode = FALSE
	EndGlobalSection
	GlobalSection(NestedProjects) = preSolution
		{078AA0B8-3124-35CE-B6DD-A091F11D7D07} = {18303C3F-64B1-3B6D-84C8-8583A1A55CFE}
		{7DC85398-851F-3521-B936-56DCA1DBC396} = {18303C3F-64B1-3B6D-84C8-8583A1A55CFE}
		{112F4BC0-23A5-381E-915C-AF128FF1D777} = {18303C3F-64B1-3B6D-84C8-8583A1A55CFE}
		{AE354010-1504-38C4-933C-3AF465D07651} = {AE381F37-348C-3EC5-BE89-B441D25122EA}
		{8667B7A7-5B31-39F1-A1C7-4FCC736EC17B} = {AE381F37-348C-3EC5-BE89-B441D25122EA}
		{5860CEA1-444B-3631-92FA-BE9D5E367028} = {18303C3F-64B1-3B6D-84C8-8583A1A55CFE}
		{5BAEFFF9-C25A-3D3B-882A-CDDA5739B80D} = {14E6524C-0441-3C01-97E9-24A9C65BFD76}
		{415AF78C-1379-3D09-A953-4B5FF53B6D8E} = {66423B79-9728-3D99-AA15-8F9DD92A2431}
		{162F7D8D-19BF-3C99-A7DF-3806E8A5AE56} = {66423B79-9728-3D99-AA15-8F9DD92A2431}
		{D4DD3D83-DBED-3F93-B2F7-741DDE7EB8EC} = {66423B79-9728-3D99-AA15-8F9DD92A2431}
		{EF632964-CBFD-3EB8-B493-F1422F19897E} = {66423B79-9728-3D99-AA15-8F9DD92A2431}
		{264755E5-744B-307C-81D0-882803ED9A7E} = {AE381F37-348C-3EC5-BE89-B441D25122EA}
		{3CCA6637-5D1B-3099-B90C-7C20BB251B4A} = {66423B79-9728-3D99-AA15-8F9DD92A2431}
		{A97D962A-BA90-3136-A140-397F3634A17D} = {66423B79-9728-3D99-AA15-8F9DD92A2431}
		{F21AEFB6-1E44-34EF-A39B-A970ACEC86EB} = {66423B79-9728-3D99-AA15-8F9DD92A2431}
		{A4CCDA32-B020-3498-9466-5E7420D8C131} = {AE381F37-348C-3EC5-BE89-B441D25122EA}
		{78368014-47FB-353B-B0F9-7E16BB7D99B6} = {AE381F37-348C-3EC5-BE89-B441D25122EA}
		{271785FB-C418-381A-B16A-43D55C8362CB} = {AE381F37-348C-3EC5-BE89-B441D25122EA}
		{90967C19-0CDB-3C41-9545-BB1459B64264} = {AE381F37-348C-3EC5-BE89-B441D25122EA}
		{67200255-A8AD-3342-AF89-8253F65BFEB4} = {AE381F37-348C-3EC5-BE89-B441D25122EA}
		{F04B39B2-CB87-321A-8C42-8D20E5B47F75} = {66423B79-9728-3D99-AA15-8F9DD92A2431}
		{AC3C03BA-CFC2-309D-8163-38C408D31AA8} = {66423B79-9728-3D99-AA15-8F9DD92A2431}
		{6AFBEEBF-5B16-3F9C-9415-5A264C0EBDA0} = {66423B79-9728-3D99-AA15-8F9DD92A2431}
		{537D20F4-5965-3EC9-B15C-D3AC1C48309D} = {66423B79-9728-3D99-AA15-8F9DD92A2431}
		{FFB5B188-B461-398A-B36A-67E514F37CEC} = {F08E4288-FD93-3CC2-A446-60D0F3FAE88B}
		{FF4D7BC0-8CFD-313A-A498-7D21C9191910} = {66423B79-9728-3D99-AA15-8F9DD92A2431}
		{524EA7A1-2D13-3820-B22C-9EE363E9F171} = {18303C3F-64B1-3B6D-84C8-8583A1A55CFE}
	EndGlobalSection
	GlobalSection(ExtensibilityGlobals) = postSolution
		SolutionGuid = {F367562F-AE2A-3D25-9835-05EBC269CD91}
	EndGlobalSection
EndGlobal
